// !$*UTF8*$!
{
	archiveVersion = 1;
	classes = {
	};
	objectVersion = 50;
	objects = {

/* Begin PBXBuildFile section */
		64C1AD9864AC7A5F66AA7418 /* Pods_Create_A_Map.framework in Frameworks */ = {isa = PBXBuildFile; fileRef = D391B3CCCBDF7BEA070EA986 /* Pods_Create_A_Map.framework */; };
		D3134B82240977A800827BCA /* AppDelegate.swift in Sources */ = {isa = PBXBuildFile; fileRef = D3134B81240977A800827BCA /* AppDelegate.swift */; };
		D3134B84240977A800827BCA /* SceneDelegate.swift in Sources */ = {isa = PBXBuildFile; fileRef = D3134B83240977A800827BCA /* SceneDelegate.swift */; };
		D3134B86240977A800827BCA /* ViewController.swift in Sources */ = {isa = PBXBuildFile; fileRef = D3134B85240977A800827BCA /* ViewController.swift */; };
		D3134B89240977A800827BCA /* Main.storyboard in Resources */ = {isa = PBXBuildFile; fileRef = D3134B87240977A800827BCA /* Main.storyboard */; };
		D3134B8B240977AA00827BCA /* Assets.xcassets in Resources */ = {isa = PBXBuildFile; fileRef = D3134B8A240977AA00827BCA /* Assets.xcassets */; };
		D3134B8E240977AA00827BCA /* LaunchScreen.storyboard in Resources */ = {isa = PBXBuildFile; fileRef = D3134B8C240977AA00827BCA /* LaunchScreen.storyboard */; };
		D3134B99240977AB00827BCA /* Create_A_MapTests.swift in Sources */ = {isa = PBXBuildFile; fileRef = D3134B98240977AB00827BCA /* Create_A_MapTests.swift */; };
		D3134BA4240977AB00827BCA /* Create_A_MapUITests.swift in Sources */ = {isa = PBXBuildFile; fileRef = D3134BA3240977AB00827BCA /* Create_A_MapUITests.swift */; };
		D3134BB2240977C300827BCA /* Podfile in Resources */ = {isa = PBXBuildFile; fileRef = D3134BB1240977C300827BCA /* Podfile */; };
		D3134BB72409783600827BCA /* AccuTerraSDK.podspec in Resources */ = {isa = PBXBuildFile; fileRef = D3134BB42409783600827BCA /* AccuTerraSDK.podspec */; };
		D3134BB82409783600827BCA /* SDK in Resources */ = {isa = PBXBuildFile; fileRef = D3134BB52409783600827BCA /* SDK */; };
		D3134BB92409783600827BCA /* AccuTerra.bundle in Resources */ = {isa = PBXBuildFile; fileRef = D3134BB62409783600827BCA /* AccuTerra.bundle */; };
/* End PBXBuildFile section */

/* Begin PBXContainerItemProxy section */
		D3134B95240977AB00827BCA /* PBXContainerItemProxy */ = {
			isa = PBXContainerItemProxy;
			containerPortal = D3134B76240977A800827BCA /* Project object */;
			proxyType = 1;
			remoteGlobalIDString = D3134B7D240977A800827BCA;
			remoteInfo = "Create-A-Map";
		};
		D3134BA0240977AB00827BCA /* PBXContainerItemProxy */ = {
			isa = PBXContainerItemProxy;
			containerPortal = D3134B76240977A800827BCA /* Project object */;
			proxyType = 1;
			remoteGlobalIDString = D3134B7D240977A800827BCA;
			remoteInfo = "Create-A-Map";
		};
/* End PBXContainerItemProxy section */

/* Begin PBXFileReference section */
		783B2AB345F2889C40655C33 /* Pods-Create-A-Map.debug.xcconfig */ = {isa = PBXFileReference; includeInIndex = 1; lastKnownFileType = text.xcconfig; name = "Pods-Create-A-Map.debug.xcconfig"; path = "Target Support Files/Pods-Create-A-Map/Pods-Create-A-Map.debug.xcconfig"; sourceTree = "<group>"; };
		7A00606C69B76F8DB4985F7C /* Pods-Create-A-Map.release.xcconfig */ = {isa = PBXFileReference; includeInIndex = 1; lastKnownFileType = text.xcconfig; name = "Pods-Create-A-Map.release.xcconfig"; path = "Target Support Files/Pods-Create-A-Map/Pods-Create-A-Map.release.xcconfig"; sourceTree = "<group>"; };
		D3134B7E240977A800827BCA /* Create-A-Map.app */ = {isa = PBXFileReference; explicitFileType = wrapper.application; includeInIndex = 0; path = "Create-A-Map.app"; sourceTree = BUILT_PRODUCTS_DIR; };
		D3134B81240977A800827BCA /* AppDelegate.swift */ = {isa = PBXFileReference; lastKnownFileType = sourcecode.swift; path = AppDelegate.swift; sourceTree = "<group>"; };
		D3134B83240977A800827BCA /* SceneDelegate.swift */ = {isa = PBXFileReference; lastKnownFileType = sourcecode.swift; path = SceneDelegate.swift; sourceTree = "<group>"; };
		D3134B85240977A800827BCA /* ViewController.swift */ = {isa = PBXFileReference; lastKnownFileType = sourcecode.swift; path = ViewController.swift; sourceTree = "<group>"; };
		D3134B88240977A800827BCA /* Base */ = {isa = PBXFileReference; lastKnownFileType = file.storyboard; name = Base; path = Base.lproj/Main.storyboard; sourceTree = "<group>"; };
		D3134B8A240977AA00827BCA /* Assets.xcassets */ = {isa = PBXFileReference; lastKnownFileType = folder.assetcatalog; path = Assets.xcassets; sourceTree = "<group>"; };
		D3134B8D240977AA00827BCA /* Base */ = {isa = PBXFileReference; lastKnownFileType = file.storyboard; name = Base; path = Base.lproj/LaunchScreen.storyboard; sourceTree = "<group>"; };
		D3134B8F240977AA00827BCA /* Info.plist */ = {isa = PBXFileReference; lastKnownFileType = text.plist.xml; path = Info.plist; sourceTree = "<group>"; };
		D3134B94240977AB00827BCA /* Create-A-MapTests.xctest */ = {isa = PBXFileReference; explicitFileType = wrapper.cfbundle; includeInIndex = 0; path = "Create-A-MapTests.xctest"; sourceTree = BUILT_PRODUCTS_DIR; };
		D3134B98240977AB00827BCA /* Create_A_MapTests.swift */ = {isa = PBXFileReference; lastKnownFileType = sourcecode.swift; path = Create_A_MapTests.swift; sourceTree = "<group>"; };
		D3134B9A240977AB00827BCA /* Info.plist */ = {isa = PBXFileReference; lastKnownFileType = text.plist.xml; path = Info.plist; sourceTree = "<group>"; };
		D3134B9F240977AB00827BCA /* Create-A-MapUITests.xctest */ = {isa = PBXFileReference; explicitFileType = wrapper.cfbundle; includeInIndex = 0; path = "Create-A-MapUITests.xctest"; sourceTree = BUILT_PRODUCTS_DIR; };
		D3134BA3240977AB00827BCA /* Create_A_MapUITests.swift */ = {isa = PBXFileReference; lastKnownFileType = sourcecode.swift; path = Create_A_MapUITests.swift; sourceTree = "<group>"; };
		D3134BA5240977AB00827BCA /* Info.plist */ = {isa = PBXFileReference; lastKnownFileType = text.plist.xml; path = Info.plist; sourceTree = "<group>"; };
		D3134BB1240977C300827BCA /* Podfile */ = {isa = PBXFileReference; lastKnownFileType = text; path = Podfile; sourceTree = "<group>"; };
		D3134BB42409783600827BCA /* AccuTerraSDK.podspec */ = {isa = PBXFileReference; fileEncoding = 4; lastKnownFileType = text; path = AccuTerraSDK.podspec; sourceTree = "<group>"; };
		D3134BB52409783600827BCA /* SDK */ = {isa = PBXFileReference; lastKnownFileType = folder; path = SDK; sourceTree = "<group>"; };
		D3134BB62409783600827BCA /* AccuTerra.bundle */ = {isa = PBXFileReference; lastKnownFileType = "wrapper.plug-in"; path = AccuTerra.bundle; sourceTree = "<group>"; };
		D391B3CCCBDF7BEA070EA986 /* Pods_Create_A_Map.framework */ = {isa = PBXFileReference; explicitFileType = wrapper.framework; includeInIndex = 0; path = Pods_Create_A_Map.framework; sourceTree = BUILT_PRODUCTS_DIR; };
/* End PBXFileReference section */

/* Begin PBXFrameworksBuildPhase section */
		D3134B7B240977A800827BCA /* Frameworks */ = {
			isa = PBXFrameworksBuildPhase;
			buildActionMask = 2147483647;
			files = (
				64C1AD9864AC7A5F66AA7418 /* Pods_Create_A_Map.framework in Frameworks */,
			);
			runOnlyForDeploymentPostprocessing = 0;
		};
		D3134B91240977AB00827BCA /* Frameworks */ = {
			isa = PBXFrameworksBuildPhase;
			buildActionMask = 2147483647;
			files = (
			);
			runOnlyForDeploymentPostprocessing = 0;
		};
		D3134B9C240977AB00827BCA /* Frameworks */ = {
			isa = PBXFrameworksBuildPhase;
			buildActionMask = 2147483647;
			files = (
			);
			runOnlyForDeploymentPostprocessing = 0;
		};
/* End PBXFrameworksBuildPhase section */

/* Begin PBXGroup section */
		98F2FF77DF774E4257570BA3 /* Pods */ = {
			isa = PBXGroup;
			children = (
				783B2AB345F2889C40655C33 /* Pods-Create-A-Map.debug.xcconfig */,
				7A00606C69B76F8DB4985F7C /* Pods-Create-A-Map.release.xcconfig */,
			);
			name = Pods;
			path = Pods;
			sourceTree = "<group>";
		};
		D3134B75240977A800827BCA = {
			isa = PBXGroup;
			children = (
				D3134BB1240977C300827BCA /* Podfile */,
				D3134BB3240977F900827BCA /* Frameworks */,
				D3134B80240977A800827BCA /* Create-A-Map */,
				D3134B97240977AB00827BCA /* Create-A-MapTests */,
				D3134BA2240977AB00827BCA /* Create-A-MapUITests */,
				D3134B7F240977A800827BCA /* Products */,
				98F2FF77DF774E4257570BA3 /* Pods */,
			);
			sourceTree = "<group>";
		};
		D3134B7F240977A800827BCA /* Products */ = {
			isa = PBXGroup;
			children = (
				D3134B7E240977A800827BCA /* Create-A-Map.app */,
				D3134B94240977AB00827BCA /* Create-A-MapTests.xctest */,
				D3134B9F240977AB00827BCA /* Create-A-MapUITests.xctest */,
			);
			name = Products;
			sourceTree = "<group>";
		};
		D3134B80240977A800827BCA /* Create-A-Map */ = {
			isa = PBXGroup;
			children = (
				D3134B81240977A800827BCA /* AppDelegate.swift */,
				D3134B83240977A800827BCA /* SceneDelegate.swift */,
				D3134B85240977A800827BCA /* ViewController.swift */,
				D3134B87240977A800827BCA /* Main.storyboard */,
				D3134B8A240977AA00827BCA /* Assets.xcassets */,
				D3134B8C240977AA00827BCA /* LaunchScreen.storyboard */,
				D3134B8F240977AA00827BCA /* Info.plist */,
			);
			path = "Create-A-Map";
			sourceTree = "<group>";
		};
		D3134B97240977AB00827BCA /* Create-A-MapTests */ = {
			isa = PBXGroup;
			children = (
				D3134B98240977AB00827BCA /* Create_A_MapTests.swift */,
				D3134B9A240977AB00827BCA /* Info.plist */,
			);
			path = "Create-A-MapTests";
			sourceTree = "<group>";
		};
		D3134BA2240977AB00827BCA /* Create-A-MapUITests */ = {
			isa = PBXGroup;
			children = (
				D3134BA3240977AB00827BCA /* Create_A_MapUITests.swift */,
				D3134BA5240977AB00827BCA /* Info.plist */,
			);
			path = "Create-A-MapUITests";
			sourceTree = "<group>";
		};
		D3134BB3240977F900827BCA /* Frameworks */ = {
			isa = PBXGroup;
			children = (
				D3134BB62409783600827BCA /* AccuTerra.bundle */,
				D3134BB42409783600827BCA /* AccuTerraSDK.podspec */,
				D3134BB52409783600827BCA /* SDK */,
				D391B3CCCBDF7BEA070EA986 /* Pods_Create_A_Map.framework */,
			);
			name = Frameworks;
			sourceTree = "<group>";
		};
/* End PBXGroup section */

/* Begin PBXNativeTarget section */
		D3134B7D240977A800827BCA /* Create-A-Map */ = {
			isa = PBXNativeTarget;
			buildConfigurationList = D3134BA8240977AB00827BCA /* Build configuration list for PBXNativeTarget "Create-A-Map" */;
			buildPhases = (
				0E4E62134DD19781B83D8AD9 /* [CP] Check Pods Manifest.lock */,
				D3134B7A240977A800827BCA /* Sources */,
				D3134B7B240977A800827BCA /* Frameworks */,
				D3134B7C240977A800827BCA /* Resources */,
				BBCAAC603222981878FC9804 /* [CP] Embed Pods Frameworks */,
			);
			buildRules = (
			);
			dependencies = (
			);
			name = "Create-A-Map";
			productName = "Create-A-Map";
			productReference = D3134B7E240977A800827BCA /* Create-A-Map.app */;
			productType = "com.apple.product-type.application";
		};
		D3134B93240977AB00827BCA /* Create-A-MapTests */ = {
			isa = PBXNativeTarget;
			buildConfigurationList = D3134BAB240977AB00827BCA /* Build configuration list for PBXNativeTarget "Create-A-MapTests" */;
			buildPhases = (
				D3134B90240977AB00827BCA /* Sources */,
				D3134B91240977AB00827BCA /* Frameworks */,
				D3134B92240977AB00827BCA /* Resources */,
			);
			buildRules = (
			);
			dependencies = (
				D3134B96240977AB00827BCA /* PBXTargetDependency */,
			);
			name = "Create-A-MapTests";
			productName = "Create-A-MapTests";
			productReference = D3134B94240977AB00827BCA /* Create-A-MapTests.xctest */;
			productType = "com.apple.product-type.bundle.unit-test";
		};
		D3134B9E240977AB00827BCA /* Create-A-MapUITests */ = {
			isa = PBXNativeTarget;
			buildConfigurationList = D3134BAE240977AB00827BCA /* Build configuration list for PBXNativeTarget "Create-A-MapUITests" */;
			buildPhases = (
				D3134B9B240977AB00827BCA /* Sources */,
				D3134B9C240977AB00827BCA /* Frameworks */,
				D3134B9D240977AB00827BCA /* Resources */,
			);
			buildRules = (
			);
			dependencies = (
				D3134BA1240977AB00827BCA /* PBXTargetDependency */,
			);
			name = "Create-A-MapUITests";
			productName = "Create-A-MapUITests";
			productReference = D3134B9F240977AB00827BCA /* Create-A-MapUITests.xctest */;
			productType = "com.apple.product-type.bundle.ui-testing";
		};
/* End PBXNativeTarget section */

/* Begin PBXProject section */
		D3134B76240977A800827BCA /* Project object */ = {
			isa = PBXProject;
			attributes = {
				LastSwiftUpdateCheck = 1120;
				LastUpgradeCheck = 1120;
				ORGANIZATIONNAME = BaseMap;
				TargetAttributes = {
					D3134B7D240977A800827BCA = {
						CreatedOnToolsVersion = 11.2.1;
					};
					D3134B93240977AB00827BCA = {
						CreatedOnToolsVersion = 11.2.1;
						TestTargetID = D3134B7D240977A800827BCA;
					};
					D3134B9E240977AB00827BCA = {
						CreatedOnToolsVersion = 11.2.1;
						TestTargetID = D3134B7D240977A800827BCA;
					};
				};
			};
			buildConfigurationList = D3134B79240977A800827BCA /* Build configuration list for PBXProject "Create-A-Map" */;
			compatibilityVersion = "Xcode 9.3";
			developmentRegion = en;
			hasScannedForEncodings = 0;
			knownRegions = (
				en,
				Base,
			);
			mainGroup = D3134B75240977A800827BCA;
			productRefGroup = D3134B7F240977A800827BCA /* Products */;
			projectDirPath = "";
			projectRoot = "";
			targets = (
				D3134B7D240977A800827BCA /* Create-A-Map */,
				D3134B93240977AB00827BCA /* Create-A-MapTests */,
				D3134B9E240977AB00827BCA /* Create-A-MapUITests */,
			);
		};
/* End PBXProject section */

/* Begin PBXResourcesBuildPhase section */
		D3134B7C240977A800827BCA /* Resources */ = {
			isa = PBXResourcesBuildPhase;
			buildActionMask = 2147483647;
			files = (
				D3134BB72409783600827BCA /* AccuTerraSDK.podspec in Resources */,
				D3134B8E240977AA00827BCA /* LaunchScreen.storyboard in Resources */,
				D3134BB92409783600827BCA /* AccuTerra.bundle in Resources */,
				D3134B8B240977AA00827BCA /* Assets.xcassets in Resources */,
				D3134BB82409783600827BCA /* SDK in Resources */,
				D3134BB2240977C300827BCA /* Podfile in Resources */,
				D3134B89240977A800827BCA /* Main.storyboard in Resources */,
			);
			runOnlyForDeploymentPostprocessing = 0;
		};
		D3134B92240977AB00827BCA /* Resources */ = {
			isa = PBXResourcesBuildPhase;
			buildActionMask = 2147483647;
			files = (
			);
			runOnlyForDeploymentPostprocessing = 0;
		};
		D3134B9D240977AB00827BCA /* Resources */ = {
			isa = PBXResourcesBuildPhase;
			buildActionMask = 2147483647;
			files = (
			);
			runOnlyForDeploymentPostprocessing = 0;
		};
/* End PBXResourcesBuildPhase section */

/* Begin PBXShellScriptBuildPhase section */
		0E4E62134DD19781B83D8AD9 /* [CP] Check Pods Manifest.lock */ = {
			isa = PBXShellScriptBuildPhase;
			buildActionMask = 2147483647;
			files = (
			);
			inputFileListPaths = (
			);
			inputPaths = (
				"${PODS_PODFILE_DIR_PATH}/Podfile.lock",
				"${PODS_ROOT}/Manifest.lock",
			);
			name = "[CP] Check Pods Manifest.lock";
			outputFileListPaths = (
			);
			outputPaths = (
				"$(DERIVED_FILE_DIR)/Pods-Create-A-Map-checkManifestLockResult.txt",
			);
			runOnlyForDeploymentPostprocessing = 0;
			shellPath = /bin/sh;
			shellScript = "diff \"${PODS_PODFILE_DIR_PATH}/Podfile.lock\" \"${PODS_ROOT}/Manifest.lock\" > /dev/null\nif [ $? != 0 ] ; then\n    # print error to STDERR\n    echo \"error: The sandbox is not in sync with the Podfile.lock. Run 'pod install' or update your CocoaPods installation.\" >&2\n    exit 1\nfi\n# This output is used by Xcode 'outputs' to avoid re-running this script phase.\necho \"SUCCESS\" > \"${SCRIPT_OUTPUT_FILE_0}\"\n";
			showEnvVarsInLog = 0;
		};
		BBCAAC603222981878FC9804 /* [CP] Embed Pods Frameworks */ = {
			isa = PBXShellScriptBuildPhase;
			buildActionMask = 2147483647;
			files = (
			);
			inputFileListPaths = (
				"${PODS_ROOT}/Target Support Files/Pods-Create-A-Map/Pods-Create-A-Map-frameworks-${CONFIGURATION}-input-files.xcfilelist",
			);
			name = "[CP] Embed Pods Frameworks";
			outputFileListPaths = (
				"${PODS_ROOT}/Target Support Files/Pods-Create-A-Map/Pods-Create-A-Map-frameworks-${CONFIGURATION}-output-files.xcfilelist",
			);
			runOnlyForDeploymentPostprocessing = 0;
			shellPath = /bin/sh;
			shellScript = "\"${PODS_ROOT}/Target Support Files/Pods-Create-A-Map/Pods-Create-A-Map-frameworks.sh\"\n";
			showEnvVarsInLog = 0;
		};
/* End PBXShellScriptBuildPhase section */

/* Begin PBXSourcesBuildPhase section */
		D3134B7A240977A800827BCA /* Sources */ = {
			isa = PBXSourcesBuildPhase;
			buildActionMask = 2147483647;
			files = (
				D3134B86240977A800827BCA /* ViewController.swift in Sources */,
				D3134B82240977A800827BCA /* AppDelegate.swift in Sources */,
				D3134B84240977A800827BCA /* SceneDelegate.swift in Sources */,
			);
			runOnlyForDeploymentPostprocessing = 0;
		};
		D3134B90240977AB00827BCA /* Sources */ = {
			isa = PBXSourcesBuildPhase;
			buildActionMask = 2147483647;
			files = (
				D3134B99240977AB00827BCA /* Create_A_MapTests.swift in Sources */,
			);
			runOnlyForDeploymentPostprocessing = 0;
		};
		D3134B9B240977AB00827BCA /* Sources */ = {
			isa = PBXSourcesBuildPhase;
			buildActionMask = 2147483647;
			files = (
				D3134BA4240977AB00827BCA /* Create_A_MapUITests.swift in Sources */,
			);
			runOnlyForDeploymentPostprocessing = 0;
		};
/* End PBXSourcesBuildPhase section */

/* Begin PBXTargetDependency section */
		D3134B96240977AB00827BCA /* PBXTargetDependency */ = {
			isa = PBXTargetDependency;
			target = D3134B7D240977A800827BCA /* Create-A-Map */;
			targetProxy = D3134B95240977AB00827BCA /* PBXContainerItemProxy */;
		};
		D3134BA1240977AB00827BCA /* PBXTargetDependency */ = {
			isa = PBXTargetDependency;
			target = D3134B7D240977A800827BCA /* Create-A-Map */;
			targetProxy = D3134BA0240977AB00827BCA /* PBXContainerItemProxy */;
		};
/* End PBXTargetDependency section */

/* Begin PBXVariantGroup section */
		D3134B87240977A800827BCA /* Main.storyboard */ = {
			isa = PBXVariantGroup;
			children = (
				D3134B88240977A800827BCA /* Base */,
			);
			name = Main.storyboard;
			sourceTree = "<group>";
		};
		D3134B8C240977AA00827BCA /* LaunchScreen.storyboard */ = {
			isa = PBXVariantGroup;
			children = (
				D3134B8D240977AA00827BCA /* Base */,
			);
			name = LaunchScreen.storyboard;
			sourceTree = "<group>";
		};
/* End PBXVariantGroup section */

/* Begin XCBuildConfiguration section */
		D3134BA6240977AB00827BCA /* Debug */ = {
			isa = XCBuildConfiguration;
			buildSettings = {
				ALWAYS_SEARCH_USER_PATHS = NO;
				CLANG_ANALYZER_NONNULL = YES;
				CLANG_ANALYZER_NUMBER_OBJECT_CONVERSION = YES_AGGRESSIVE;
				CLANG_CXX_LANGUAGE_STANDARD = "gnu++14";
				CLANG_CXX_LIBRARY = "libc++";
				CLANG_ENABLE_MODULES = YES;
				CLANG_ENABLE_OBJC_ARC = YES;
				CLANG_ENABLE_OBJC_WEAK = YES;
				CLANG_WARN_BLOCK_CAPTURE_AUTORELEASING = YES;
				CLANG_WARN_BOOL_CONVERSION = YES;
				CLANG_WARN_COMMA = YES;
				CLANG_WARN_CONSTANT_CONVERSION = YES;
				CLANG_WARN_DEPRECATED_OBJC_IMPLEMENTATIONS = YES;
				CLANG_WARN_DIRECT_OBJC_ISA_USAGE = YES_ERROR;
				CLANG_WARN_DOCUMENTATION_COMMENTS = YES;
				CLANG_WARN_EMPTY_BODY = YES;
				CLANG_WARN_ENUM_CONVERSION = YES;
				CLANG_WARN_INFINITE_RECURSION = YES;
				CLANG_WARN_INT_CONVERSION = YES;
				CLANG_WARN_NON_LITERAL_NULL_CONVERSION = YES;
				CLANG_WARN_OBJC_IMPLICIT_RETAIN_SELF = YES;
				CLANG_WARN_OBJC_LITERAL_CONVERSION = YES;
				CLANG_WARN_OBJC_ROOT_CLASS = YES_ERROR;
				CLANG_WARN_RANGE_LOOP_ANALYSIS = YES;
				CLANG_WARN_STRICT_PROTOTYPES = YES;
				CLANG_WARN_SUSPICIOUS_MOVE = YES;
				CLANG_WARN_UNGUARDED_AVAILABILITY = YES_AGGRESSIVE;
				CLANG_WARN_UNREACHABLE_CODE = YES;
				CLANG_WARN__DUPLICATE_METHOD_MATCH = YES;
				COPY_PHASE_STRIP = NO;
				DEBUG_INFORMATION_FORMAT = dwarf;
				ENABLE_STRICT_OBJC_MSGSEND = YES;
				ENABLE_TESTABILITY = YES;
				GCC_C_LANGUAGE_STANDARD = gnu11;
				GCC_DYNAMIC_NO_PIC = NO;
				GCC_NO_COMMON_BLOCKS = YES;
				GCC_OPTIMIZATION_LEVEL = 0;
				GCC_PREPROCESSOR_DEFINITIONS = (
					"DEBUG=1",
					"$(inherited)",
				);
				GCC_WARN_64_TO_32_BIT_CONVERSION = YES;
				GCC_WARN_ABOUT_RETURN_TYPE = YES_ERROR;
				GCC_WARN_UNDECLARED_SELECTOR = YES;
				GCC_WARN_UNINITIALIZED_AUTOS = YES_AGGRESSIVE;
				GCC_WARN_UNUSED_FUNCTION = YES;
				GCC_WARN_UNUSED_VARIABLE = YES;
				IPHONEOS_DEPLOYMENT_TARGET = 13.2;
				MTL_ENABLE_DEBUG_INFO = INCLUDE_SOURCE;
				MTL_FAST_MATH = YES;
				ONLY_ACTIVE_ARCH = YES;
				SDKROOT = iphoneos;
				SWIFT_ACTIVE_COMPILATION_CONDITIONS = DEBUG;
				SWIFT_OPTIMIZATION_LEVEL = "-Onone";
			};
			name = Debug;
		};
		D3134BA7240977AB00827BCA /* Release */ = {
			isa = XCBuildConfiguration;
			buildSettings = {
				ALWAYS_SEARCH_USER_PATHS = NO;
				CLANG_ANALYZER_NONNULL = YES;
				CLANG_ANALYZER_NUMBER_OBJECT_CONVERSION = YES_AGGRESSIVE;
				CLANG_CXX_LANGUAGE_STANDARD = "gnu++14";
				CLANG_CXX_LIBRARY = "libc++";
				CLANG_ENABLE_MODULES = YES;
				CLANG_ENABLE_OBJC_ARC = YES;
				CLANG_ENABLE_OBJC_WEAK = YES;
				CLANG_WARN_BLOCK_CAPTURE_AUTORELEASING = YES;
				CLANG_WARN_BOOL_CONVERSION = YES;
				CLANG_WARN_COMMA = YES;
				CLANG_WARN_CONSTANT_CONVERSION = YES;
				CLANG_WARN_DEPRECATED_OBJC_IMPLEMENTATIONS = YES;
				CLANG_WARN_DIRECT_OBJC_ISA_USAGE = YES_ERROR;
				CLANG_WARN_DOCUMENTATION_COMMENTS = YES;
				CLANG_WARN_EMPTY_BODY = YES;
				CLANG_WARN_ENUM_CONVERSION = YES;
				CLANG_WARN_INFINITE_RECURSION = YES;
				CLANG_WARN_INT_CONVERSION = YES;
				CLANG_WARN_NON_LITERAL_NULL_CONVERSION = YES;
				CLANG_WARN_OBJC_IMPLICIT_RETAIN_SELF = YES;
				CLANG_WARN_OBJC_LITERAL_CONVERSION = YES;
				CLANG_WARN_OBJC_ROOT_CLASS = YES_ERROR;
				CLANG_WARN_RANGE_LOOP_ANALYSIS = YES;
				CLANG_WARN_STRICT_PROTOTYPES = YES;
				CLANG_WARN_SUSPICIOUS_MOVE = YES;
				CLANG_WARN_UNGUARDED_AVAILABILITY = YES_AGGRESSIVE;
				CLANG_WARN_UNREACHABLE_CODE = YES;
				CLANG_WARN__DUPLICATE_METHOD_MATCH = YES;
				COPY_PHASE_STRIP = NO;
				DEBUG_INFORMATION_FORMAT = "dwarf-with-dsym";
				ENABLE_NS_ASSERTIONS = NO;
				ENABLE_STRICT_OBJC_MSGSEND = YES;
				GCC_C_LANGUAGE_STANDARD = gnu11;
				GCC_NO_COMMON_BLOCKS = YES;
				GCC_WARN_64_TO_32_BIT_CONVERSION = YES;
				GCC_WARN_ABOUT_RETURN_TYPE = YES_ERROR;
				GCC_WARN_UNDECLARED_SELECTOR = YES;
				GCC_WARN_UNINITIALIZED_AUTOS = YES_AGGRESSIVE;
				GCC_WARN_UNUSED_FUNCTION = YES;
				GCC_WARN_UNUSED_VARIABLE = YES;
				IPHONEOS_DEPLOYMENT_TARGET = 13.2;
				MTL_ENABLE_DEBUG_INFO = NO;
				MTL_FAST_MATH = YES;
				SDKROOT = iphoneos;
				SWIFT_COMPILATION_MODE = wholemodule;
				SWIFT_OPTIMIZATION_LEVEL = "-O";
				VALIDATE_PRODUCT = YES;
			};
			name = Release;
		};
		D3134BA9240977AB00827BCA /* Debug */ = {
			isa = XCBuildConfiguration;
			baseConfigurationReference = 783B2AB345F2889C40655C33 /* Pods-Create-A-Map.debug.xcconfig */;
			buildSettings = {
				ASSETCATALOG_COMPILER_APPICON_NAME = AppIcon;
				CODE_SIGN_STYLE = Automatic;
				DEVELOPMENT_TEAM = PK2TWU892A;
				INFOPLIST_FILE = "Create-A-Map/Info.plist";
				LD_RUNPATH_SEARCH_PATHS = (
					"$(inherited)",
					"@executable_path/Frameworks",
				);
				PRODUCT_BUNDLE_IDENTIFIER = "com.neotreks.Create-A-Map";
				PRODUCT_NAME = "$(TARGET_NAME)";
				SWIFT_VERSION = 5.0;
				TARGETED_DEVICE_FAMILY = "1,2";
			};
			name = Debug;
		};
		D3134BAA240977AB00827BCA /* Release */ = {
			isa = XCBuildConfiguration;
			baseConfigurationReference = 7A00606C69B76F8DB4985F7C /* Pods-Create-A-Map.release.xcconfig */;
			buildSettings = {
				ASSETCATALOG_COMPILER_APPICON_NAME = AppIcon;
				CODE_SIGN_STYLE = Automatic;
				DEVELOPMENT_TEAM = PK2TWU892A;
				INFOPLIST_FILE = "Create-A-Map/Info.plist";
				LD_RUNPATH_SEARCH_PATHS = (
					"$(inherited)",
					"@executable_path/Frameworks",
				);
				PRODUCT_BUNDLE_IDENTIFIER = "com.neotreks.Create-A-Map";
				PRODUCT_NAME = "$(TARGET_NAME)";
				SWIFT_VERSION = 5.0;
				TARGETED_DEVICE_FAMILY = "1,2";
			};
			name = Release;
		};
		D3134BAC240977AB00827BCA /* Debug */ = {
			isa = XCBuildConfiguration;
			buildSettings = {
				ALWAYS_EMBED_SWIFT_STANDARD_LIBRARIES = YES;
				BUNDLE_LOADER = "$(TEST_HOST)";
				CODE_SIGN_STYLE = Automatic;
				DEVELOPMENT_TEAM = PK2TWU892A;
				INFOPLIST_FILE = "Create-A-MapTests/Info.plist";
				IPHONEOS_DEPLOYMENT_TARGET = 13.2;
				LD_RUNPATH_SEARCH_PATHS = (
					"$(inherited)",
					"@executable_path/Frameworks",
					"@loader_path/Frameworks",
				);
				PRODUCT_BUNDLE_IDENTIFIER = "com.neotreks.Create-A-MapTests";
				PRODUCT_NAME = "$(TARGET_NAME)";
				SWIFT_VERSION = 5.0;
				TARGETED_DEVICE_FAMILY = "1,2";
				TEST_HOST = "$(BUILT_PRODUCTS_DIR)/Create-A-Map.app/Create-A-Map";
			};
			name = Debug;
		};
		D3134BAD240977AB00827BCA /* Release */ = {
			isa = XCBuildConfiguration;
			buildSettings = {
				ALWAYS_EMBED_SWIFT_STANDARD_LIBRARIES = YES;
				BUNDLE_LOADER = "$(TEST_HOST)";
				CODE_SIGN_STYLE = Automatic;
				DEVELOPMENT_TEAM = PK2TWU892A;
				INFOPLIST_FILE = "Create-A-MapTests/Info.plist";
				IPHONEOS_DEPLOYMENT_TARGET = 13.2;
				LD_RUNPATH_SEARCH_PATHS = (
					"$(inherited)",
					"@executable_path/Frameworks",
					"@loader_path/Frameworks",
				);
				PRODUCT_BUNDLE_IDENTIFIER = "com.neotreks.Create-A-MapTests";
				PRODUCT_NAME = "$(TARGET_NAME)";
				SWIFT_VERSION = 5.0;
				TARGETED_DEVICE_FAMILY = "1,2";
				TEST_HOST = "$(BUILT_PRODUCTS_DIR)/Create-A-Map.app/Create-A-Map";
			};
			name = Release;
		};
		D3134BAF240977AB00827BCA /* Debug */ = {
			isa = XCBuildConfiguration;
			buildSettings = {
				ALWAYS_EMBED_SWIFT_STANDARD_LIBRARIES = YES;
				CODE_SIGN_STYLE = Automatic;
				DEVELOPMENT_TEAM = PK2TWU892A;
				INFOPLIST_FILE = "Create-A-MapUITests/Info.plist";
				LD_RUNPATH_SEARCH_PATHS = (
					"$(inherited)",
					"@executable_path/Frameworks",
					"@loader_path/Frameworks",
				);
				PRODUCT_BUNDLE_IDENTIFIER = "com.neotreks.Create-A-MapUITests";
				PRODUCT_NAME = "$(TARGET_NAME)";
				SWIFT_VERSION = 5.0;
				TARGETED_DEVICE_FAMILY = "1,2";
				TEST_TARGET_NAME = "Create-A-Map";
			};
			name = Debug;
		};
		D3134BB0240977AB00827BCA /* Release */ = {
			isa = XCBuildConfiguration;
			buildSettings = {
				ALWAYS_EMBED_SWIFT_STANDARD_LIBRARIES = YES;
				CODE_SIGN_STYLE = Automatic;
				DEVELOPMENT_TEAM = PK2TWU892A;
				INFOPLIST_FILE = "Create-A-MapUITests/Info.plist";
				LD_RUNPATH_SEARCH_PATHS = (
					"$(inherited)",
					"@executable_path/Frameworks",
					"@loader_path/Frameworks",
				);
				PRODUCT_BUNDLE_IDENTIFIER = "com.neotreks.Create-A-MapUITests";
				PRODUCT_NAME = "$(TARGET_NAME)";
				SWIFT_VERSION = 5.0;
				TARGETED_DEVICE_FAMILY = "1,2";
				TEST_TARGET_NAME = "Create-A-Map";
			};
			name = Release;
		};
/* End XCBuildConfiguration section */

/* Begin XCConfigurationList section */
		D3134B79240977A800827BCA /* Build configuration list for PBXProject "Create-A-Map" */ = {
			isa = XCConfigurationList;
			buildConfigurations = (
				D3134BA6240977AB00827BCA /* Debug */,
				D3134BA7240977AB00827BCA /* Release */,
			);
			defaultConfigurationIsVisible = 0;
			defaultConfigurationName = Release;
		};
		D3134BA8240977AB00827BCA /* Build configuration list for PBXNativeTarget "Create-A-Map" */ = {
			isa = XCConfigurationList;
			buildConfigurations = (
				D3134BA9240977AB00827BCA /* Debug */,
				D3134BAA240977AB00827BCA /* Release */,
			);
			defaultConfigurationIsVisible = 0;
			defaultConfigurationName = Release;
		};
		D3134BAB240977AB00827BCA /* Build configuration list for PBXNativeTarget "Create-A-MapTests" */ = {
			isa = XCConfigurationList;
			buildConfigurations = (
				D3134BAC240977AB00827BCA /* Debug */,
				D3134BAD240977AB00827BCA /* Release */,
			);
			defaultConfigurationIsVisible = 0;
			defaultConfigurationName = Release;
		};
		D3134BAE240977AB00827BCA /* Build configuration list for PBXNativeTarget "Create-A-MapUITests" */ = {
			isa = XCConfigurationList;
			buildConfigurations = (
				D3134BAF240977AB00827BCA /* Debug */,
				D3134BB0240977AB00827BCA /* Release */,
			);
			defaultConfigurationIsVisible = 0;
			defaultConfigurationName = Release;
		};
/* End XCConfigurationList section */
	};
	rootObject = D3134B76240977A800827BCA /* Project object */;
}
