// !$*UTF8*$!
{
	archiveVersion = 1;
	classes = {
	};
	objectVersion = 51;
	objects = {

/* Begin PBXBuildFile section */
		9671770A0A7181F213BFDC92 /* Pods_AccuterraSampleApp__Develop_.framework in Frameworks */ = {isa = PBXBuildFile; fileRef = 12D447C273D9E9BC5CE88C26 /* Pods_AccuterraSampleApp__Develop_.framework */; };
		D31C21AE244A6F1400B0E74E /* AppDelegate.swift in Sources */ = {isa = PBXBuildFile; fileRef = D31C21AD244A6F1400B0E74E /* AppDelegate.swift */; };
		D31C21B0244A6F1400B0E74E /* SceneDelegate.swift in Sources */ = {isa = PBXBuildFile; fileRef = D31C21AF244A6F1400B0E74E /* SceneDelegate.swift */; };
		D31C21B4244A6F1600B0E74E /* Assets.xcassets in Resources */ = {isa = PBXBuildFile; fileRef = D31C21B3244A6F1600B0E74E /* Assets.xcassets */; };
		D31C21B7244A6F1600B0E74E /* Preview Assets.xcassets in Resources */ = {isa = PBXBuildFile; fileRef = D31C21B6244A6F1600B0E74E /* Preview Assets.xcassets */; };
		D31C21BA244A6F1600B0E74E /* LaunchScreen.storyboard in Resources */ = {isa = PBXBuildFile; fileRef = D31C21B8244A6F1600B0E74E /* LaunchScreen.storyboard */; };
		D31C21C5244A6F1600B0E74E /* AccuterraSampleAppTests.swift in Sources */ = {isa = PBXBuildFile; fileRef = D31C21C4244A6F1600B0E74E /* AccuterraSampleAppTests.swift */; };
		D31C21D0244A6F1600B0E74E /* AccuterraSampleAppUITests.swift in Sources */ = {isa = PBXBuildFile; fileRef = D31C21CF244A6F1600B0E74E /* AccuterraSampleAppUITests.swift */; };
		D31C21EC244A71CC00B0E74E /* InteractingWithMap.swift in Sources */ = {isa = PBXBuildFile; fileRef = D31C21EB244A71CC00B0E74E /* InteractingWithMap.swift */; };
		D31C21F9244A721800B0E74E /* SearchTermToList.swift in Sources */ = {isa = PBXBuildFile; fileRef = D31C21F5244A721700B0E74E /* SearchTermToList.swift */; };
		D31C21FA244A721800B0E74E /* SearchTermToMap.swift in Sources */ = {isa = PBXBuildFile; fileRef = D31C21F6244A721700B0E74E /* SearchTermToMap.swift */; };
		D31C21FB244A721800B0E74E /* SearchMapToList.swift in Sources */ = {isa = PBXBuildFile; fileRef = D31C21F7244A721800B0E74E /* SearchMapToList.swift */; };
		D31C21FC244A721800B0E74E /* SearchListToMap.swift in Sources */ = {isa = PBXBuildFile; fileRef = D31C21F8244A721800B0E74E /* SearchListToMap.swift */; };
		D31C2201244A725300B0E74E /* FilteringMapBounds.swift in Sources */ = {isa = PBXBuildFile; fileRef = D31C21FE244A725300B0E74E /* FilteringMapBounds.swift */; };
		D31C2202244A725300B0E74E /* FilteringMap.swift in Sources */ = {isa = PBXBuildFile; fileRef = D31C21FF244A725300B0E74E /* FilteringMap.swift */; };
		D31C2203244A725300B0E74E /* FilteringCritieria.swift in Sources */ = {isa = PBXBuildFile; fileRef = D31C2200244A725300B0E74E /* FilteringCritieria.swift */; };
		D31C2207244A72B200B0E74E /* HomeView.swift in Sources */ = {isa = PBXBuildFile; fileRef = D31C2206244A72B200B0E74E /* HomeView.swift */; };
		D31C2209244A72EC00B0E74E /* CustomizingTrailsAndPOIs.swift in Sources */ = {isa = PBXBuildFile; fileRef = D31C2208244A72EC00B0E74E /* CustomizingTrailsAndPOIs.swift */; };
		D31C2212244A741A00B0E74E /* CreateMap.swift in Sources */ = {isa = PBXBuildFile; fileRef = D31C220E244A741900B0E74E /* CreateMap.swift */; };
		D31C2213244A741A00B0E74E /* AddingPOIs.swift in Sources */ = {isa = PBXBuildFile; fileRef = D31C220F244A741900B0E74E /* AddingPOIs.swift */; };
		D31C2214244A741A00B0E74E /* AddingTrails.swift in Sources */ = {isa = PBXBuildFile; fileRef = D31C2210244A741900B0E74E /* AddingTrails.swift */; };
		D31C2215244A741A00B0E74E /* TrailDetails.swift in Sources */ = {isa = PBXBuildFile; fileRef = D31C2211244A741A00B0E74E /* TrailDetails.swift */; };
		D31C2217244A781500B0E74E /* ControllingTheMap.swift in Sources */ = {isa = PBXBuildFile; fileRef = D31C2216244A781500B0E74E /* ControllingTheMap.swift */; };
		D386CA012454788D00D1A198 /* TrailDetailsViewModel.swift in Sources */ = {isa = PBXBuildFile; fileRef = D386CA002454788D00D1A198 /* TrailDetailsViewModel.swift */; };
		D386CA022454788D00D1A198 /* TrailDetailsViewModel.swift in Sources */ = {isa = PBXBuildFile; fileRef = D386CA002454788D00D1A198 /* TrailDetailsViewModel.swift */; };
		D386CA062457570600D1A198 /* MapSearchingViewModel.swift in Sources */ = {isa = PBXBuildFile; fileRef = D386CA052457570600D1A198 /* MapSearchingViewModel.swift */; };
		D386CA0A2457942200D1A198 /* 05-Black-Bear-Pass.gpx in Resources */ = {isa = PBXBuildFile; fileRef = D386CA092457941B00D1A198 /* 05-Black-Bear-Pass.gpx */; };
		D386CA0B2457942300D1A198 /* 05-Black-Bear-Pass.gpx in Resources */ = {isa = PBXBuildFile; fileRef = D386CA092457941B00D1A198 /* 05-Black-Bear-Pass.gpx */; };
		D386CA0D2457945300D1A198 /* 04-Imogene-Pass.gpx in Resources */ = {isa = PBXBuildFile; fileRef = D386CA0C2457945300D1A198 /* 04-Imogene-Pass.gpx */; };
		D386CA0E2457945300D1A198 /* 04-Imogene-Pass.gpx in Resources */ = {isa = PBXBuildFile; fileRef = D386CA0C2457945300D1A198 /* 04-Imogene-Pass.gpx */; };
		D386CA132457A20000D1A198 /* TrailsViewModelBrian.swift in Sources */ = {isa = PBXBuildFile; fileRef = D386CA122457A20000D1A198 /* TrailsViewModelBrian.swift */; };
		D386CA142457A20000D1A198 /* TrailsViewModelBrian.swift in Sources */ = {isa = PBXBuildFile; fileRef = D386CA122457A20000D1A198 /* TrailsViewModelBrian.swift */; };
		D386CA562457D11B00D1A198 /* MapEventRouter.swift in Sources */ = {isa = PBXBuildFile; fileRef = D386CA552457D11B00D1A198 /* MapEventRouter.swift */; };
		D386CA572457D11B00D1A198 /* MapEventRouter.swift in Sources */ = {isa = PBXBuildFile; fileRef = D386CA552457D11B00D1A198 /* MapEventRouter.swift */; };
		D386CA9724588BBE00D1A198 /* AppSettings.swift in Sources */ = {isa = PBXBuildFile; fileRef = D386CA9624588BBE00D1A198 /* AppSettings.swift */; };
		D386CA9824588BBE00D1A198 /* AppSettings.swift in Sources */ = {isa = PBXBuildFile; fileRef = D386CA9624588BBE00D1A198 /* AppSettings.swift */; };
		D386CA9A2458C89700D1A198 /* MapCoordinator.swift in Sources */ = {isa = PBXBuildFile; fileRef = D386CA992458C89700D1A198 /* MapCoordinator.swift */; };
		D386CA9B2458C89700D1A198 /* MapCoordinator.swift in Sources */ = {isa = PBXBuildFile; fileRef = D386CA992458C89700D1A198 /* MapCoordinator.swift */; };
		D386CA9D2459D83D00D1A198 /* DetailView.swift in Sources */ = {isa = PBXBuildFile; fileRef = D386CA9C2459D83D00D1A198 /* DetailView.swift */; };
		D386CA9E2459D83D00D1A198 /* DetailView.swift in Sources */ = {isa = PBXBuildFile; fileRef = D386CA9C2459D83D00D1A198 /* DetailView.swift */; };
		D386CAA02459F59E00D1A198 /* TrailDetailsInfo.swift in Sources */ = {isa = PBXBuildFile; fileRef = D386CA9F2459F59E00D1A198 /* TrailDetailsInfo.swift */; };
		D386CAA12459F59E00D1A198 /* TrailDetailsInfo.swift in Sources */ = {isa = PBXBuildFile; fileRef = D386CA9F2459F59E00D1A198 /* TrailDetailsInfo.swift */; };
		D386CAA4245B24BB00D1A198 /* TrailsViewModel.swift in Sources */ = {isa = PBXBuildFile; fileRef = D386CAA3245B24BB00D1A198 /* TrailsViewModel.swift */; };
		D386CAA5245B24BB00D1A198 /* TrailsViewModel.swift in Sources */ = {isa = PBXBuildFile; fileRef = D386CAA3245B24BB00D1A198 /* TrailsViewModel.swift */; };
		D386CAAA245B2C4300D1A198 /* TrailListView.swift in Sources */ = {isa = PBXBuildFile; fileRef = D386CAA9245B2C4300D1A198 /* TrailListView.swift */; };
		D386CAAB245B2C4300D1A198 /* TrailListView.swift in Sources */ = {isa = PBXBuildFile; fileRef = D386CAA9245B2C4300D1A198 /* TrailListView.swift */; };
		D386CAAD245B7F7E00D1A198 /* MapSettings.swift in Sources */ = {isa = PBXBuildFile; fileRef = D386CAAC245B7F7E00D1A198 /* MapSettings.swift */; };
		D386CAAE245B7F7E00D1A198 /* MapSettings.swift in Sources */ = {isa = PBXBuildFile; fileRef = D386CAAC245B7F7E00D1A198 /* MapSettings.swift */; };
		D3B07E5C244E55D300A39B51 /* MapView.swift in Sources */ = {isa = PBXBuildFile; fileRef = D3B07E5B244E55D300A39B51 /* MapView.swift */; };
		D3B07E5F244E65C000A39B51 /* AddingTrails.swift in Sources */ = {isa = PBXBuildFile; fileRef = D31C2210244A741900B0E74E /* AddingTrails.swift */; };
		D3B07E60244E65C000A39B51 /* SearchTermToMap.swift in Sources */ = {isa = PBXBuildFile; fileRef = D31C21F6244A721700B0E74E /* SearchTermToMap.swift */; };
		D3B07E61244E65C000A39B51 /* HomeView.swift in Sources */ = {isa = PBXBuildFile; fileRef = D31C2206244A72B200B0E74E /* HomeView.swift */; };
		D3B07E62244E65C000A39B51 /* SearchTermToList.swift in Sources */ = {isa = PBXBuildFile; fileRef = D31C21F5244A721700B0E74E /* SearchTermToList.swift */; };
		D3B07E63244E65C000A39B51 /* AddingPOIs.swift in Sources */ = {isa = PBXBuildFile; fileRef = D31C220F244A741900B0E74E /* AddingPOIs.swift */; };
		D3B07E64244E65C000A39B51 /* CreateMap.swift in Sources */ = {isa = PBXBuildFile; fileRef = D31C220E244A741900B0E74E /* CreateMap.swift */; };
		D3B07E65244E65C000A39B51 /* SearchListToMap.swift in Sources */ = {isa = PBXBuildFile; fileRef = D31C21F8244A721800B0E74E /* SearchListToMap.swift */; };
		D3B07E66244E65C000A39B51 /* CustomizingTrailsAndPOIs.swift in Sources */ = {isa = PBXBuildFile; fileRef = D31C2208244A72EC00B0E74E /* CustomizingTrailsAndPOIs.swift */; };
		D3B07E67244E65C000A39B51 /* ControllingTheMap.swift in Sources */ = {isa = PBXBuildFile; fileRef = D31C2216244A781500B0E74E /* ControllingTheMap.swift */; };
		D3B07E68244E65C000A39B51 /* AppDelegate.swift in Sources */ = {isa = PBXBuildFile; fileRef = D31C21AD244A6F1400B0E74E /* AppDelegate.swift */; };
		D3B07E6A244E65C000A39B51 /* SceneDelegate.swift in Sources */ = {isa = PBXBuildFile; fileRef = D31C21AF244A6F1400B0E74E /* SceneDelegate.swift */; };
		D3B07E6B244E65C000A39B51 /* TrailDetails.swift in Sources */ = {isa = PBXBuildFile; fileRef = D31C2211244A741A00B0E74E /* TrailDetails.swift */; };
		D3B07E6C244E65C000A39B51 /* FilteringMapBounds.swift in Sources */ = {isa = PBXBuildFile; fileRef = D31C21FE244A725300B0E74E /* FilteringMapBounds.swift */; };
		D3B07E6D244E65C000A39B51 /* FilteringCritieria.swift in Sources */ = {isa = PBXBuildFile; fileRef = D31C2200244A725300B0E74E /* FilteringCritieria.swift */; };
		D3B07E6E244E65C000A39B51 /* MapView.swift in Sources */ = {isa = PBXBuildFile; fileRef = D3B07E5B244E55D300A39B51 /* MapView.swift */; };
		D3B07E6F244E65C000A39B51 /* SearchMapToList.swift in Sources */ = {isa = PBXBuildFile; fileRef = D31C21F7244A721800B0E74E /* SearchMapToList.swift */; };
		D3B07E70244E65C000A39B51 /* InteractingWithMap.swift in Sources */ = {isa = PBXBuildFile; fileRef = D31C21EB244A71CC00B0E74E /* InteractingWithMap.swift */; };
		D3B07E71244E65C000A39B51 /* FilteringMap.swift in Sources */ = {isa = PBXBuildFile; fileRef = D31C21FF244A725300B0E74E /* FilteringMap.swift */; };
		D3B07E74244E65C000A39B51 /* LaunchScreen.storyboard in Resources */ = {isa = PBXBuildFile; fileRef = D31C21B8244A6F1600B0E74E /* LaunchScreen.storyboard */; };
		D3B07E75244E65C000A39B51 /* Preview Assets.xcassets in Resources */ = {isa = PBXBuildFile; fileRef = D31C21B6244A6F1600B0E74E /* Preview Assets.xcassets */; };
		D3B07E76244E65C000A39B51 /* Assets.xcassets in Resources */ = {isa = PBXBuildFile; fileRef = D31C21B3244A6F1600B0E74E /* Assets.xcassets */; };
		D3B07E7F244E688300A39B51 /* MapInteraction.swift in Sources */ = {isa = PBXBuildFile; fileRef = D3B07E7E244E688300A39B51 /* MapInteraction.swift */; };
		D3B07E80244E688300A39B51 /* MapInteraction.swift in Sources */ = {isa = PBXBuildFile; fileRef = D3B07E7E244E688300A39B51 /* MapInteraction.swift */; };
		D3B07E83244F75B000A39B51 /* DownloadView.swift in Sources */ = {isa = PBXBuildFile; fileRef = D3B07E82244F75B000A39B51 /* DownloadView.swift */; };
		D3B07E84244F75B000A39B51 /* DownloadView.swift in Sources */ = {isa = PBXBuildFile; fileRef = D3B07E82244F75B000A39B51 /* DownloadView.swift */; };
		D3B07E86244F75E900A39B51 /* DownloadViewModel.swift in Sources */ = {isa = PBXBuildFile; fileRef = D3B07E85244F75E900A39B51 /* DownloadViewModel.swift */; };
		D3B07E87244F75E900A39B51 /* DownloadViewModel.swift in Sources */ = {isa = PBXBuildFile; fileRef = D3B07E85244F75E900A39B51 /* DownloadViewModel.swift */; };
		D3B07E89244F761100A39B51 /* DownloadService.swift in Sources */ = {isa = PBXBuildFile; fileRef = D3B07E88244F761100A39B51 /* DownloadService.swift */; };
		D3B07E8A244F761100A39B51 /* DownloadService.swift in Sources */ = {isa = PBXBuildFile; fileRef = D3B07E88244F761100A39B51 /* DownloadService.swift */; };
		D3B07E96244F9EF800A39B51 /* ViewRouter.swift in Sources */ = {isa = PBXBuildFile; fileRef = D3B07E95244F9EF800A39B51 /* ViewRouter.swift */; };
		D3B07E97244F9EF800A39B51 /* ViewRouter.swift in Sources */ = {isa = PBXBuildFile; fileRef = D3B07E95244F9EF800A39B51 /* ViewRouter.swift */; };
		D3B07E99244FAA1E00A39B51 /* ControllerView.swift in Sources */ = {isa = PBXBuildFile; fileRef = D3B07E98244FAA1E00A39B51 /* ControllerView.swift */; };
		D3B07E9A244FAA1E00A39B51 /* ControllerView.swift in Sources */ = {isa = PBXBuildFile; fileRef = D3B07E98244FAA1E00A39B51 /* ControllerView.swift */; };
		FCAD5228C4EE2DA8FBE107A2 /* Pods_AccuterraSampleApp.framework in Frameworks */ = {isa = PBXBuildFile; fileRef = 630C035D3FF0BB70E3BFCC1E /* Pods_AccuterraSampleApp.framework */; };
/* End PBXBuildFile section */

/* Begin PBXContainerItemProxy section */
		D31C21C1244A6F1600B0E74E /* PBXContainerItemProxy */ = {
			isa = PBXContainerItemProxy;
			containerPortal = D31C21A2244A6F1400B0E74E /* Project object */;
			proxyType = 1;
			remoteGlobalIDString = D31C21A9244A6F1400B0E74E;
			remoteInfo = AccuterraSampleApp;
		};
		D31C21CC244A6F1600B0E74E /* PBXContainerItemProxy */ = {
			isa = PBXContainerItemProxy;
			containerPortal = D31C21A2244A6F1400B0E74E /* Project object */;
			proxyType = 1;
			remoteGlobalIDString = D31C21A9244A6F1400B0E74E;
			remoteInfo = AccuterraSampleApp;
		};
/* End PBXContainerItemProxy section */

/* Begin PBXFileReference section */
		0B56F48B925EBCA02216AA1B /* Pods-AccuterraSampleApp (Develop).release.xcconfig */ = {isa = PBXFileReference; includeInIndex = 1; lastKnownFileType = text.xcconfig; name = "Pods-AccuterraSampleApp (Develop).release.xcconfig"; path = "Target Support Files/Pods-AccuterraSampleApp (Develop)/Pods-AccuterraSampleApp (Develop).release.xcconfig"; sourceTree = "<group>"; };
		12D447C273D9E9BC5CE88C26 /* Pods_AccuterraSampleApp__Develop_.framework */ = {isa = PBXFileReference; explicitFileType = wrapper.framework; includeInIndex = 0; path = Pods_AccuterraSampleApp__Develop_.framework; sourceTree = BUILT_PRODUCTS_DIR; };
		630C035D3FF0BB70E3BFCC1E /* Pods_AccuterraSampleApp.framework */ = {isa = PBXFileReference; explicitFileType = wrapper.framework; includeInIndex = 0; path = Pods_AccuterraSampleApp.framework; sourceTree = BUILT_PRODUCTS_DIR; };
		ABF01E2BBBA77A31CB28F3FD /* Pods-AccuterraSampleApp (Develop).debug.xcconfig */ = {isa = PBXFileReference; includeInIndex = 1; lastKnownFileType = text.xcconfig; name = "Pods-AccuterraSampleApp (Develop).debug.xcconfig"; path = "Target Support Files/Pods-AccuterraSampleApp (Develop)/Pods-AccuterraSampleApp (Develop).debug.xcconfig"; sourceTree = "<group>"; };
		AC8B18708127830D66A9AE8E /* Pods-AccuterraSampleApp.debug.xcconfig */ = {isa = PBXFileReference; includeInIndex = 1; lastKnownFileType = text.xcconfig; name = "Pods-AccuterraSampleApp.debug.xcconfig"; path = "Target Support Files/Pods-AccuterraSampleApp/Pods-AccuterraSampleApp.debug.xcconfig"; sourceTree = "<group>"; };
		C803D3914D6A83F2F1C9A4B5 /* Pods-AccuterraSampleApp.release.xcconfig */ = {isa = PBXFileReference; includeInIndex = 1; lastKnownFileType = text.xcconfig; name = "Pods-AccuterraSampleApp.release.xcconfig"; path = "Target Support Files/Pods-AccuterraSampleApp/Pods-AccuterraSampleApp.release.xcconfig"; sourceTree = "<group>"; };
		D31C21AA244A6F1400B0E74E /* AccuterraSampleApp.app */ = {isa = PBXFileReference; explicitFileType = wrapper.application; includeInIndex = 0; path = AccuterraSampleApp.app; sourceTree = BUILT_PRODUCTS_DIR; };
		D31C21AD244A6F1400B0E74E /* AppDelegate.swift */ = {isa = PBXFileReference; lastKnownFileType = sourcecode.swift; path = AppDelegate.swift; sourceTree = "<group>"; };
		D31C21AF244A6F1400B0E74E /* SceneDelegate.swift */ = {isa = PBXFileReference; lastKnownFileType = sourcecode.swift; path = SceneDelegate.swift; sourceTree = "<group>"; };
		D31C21B3244A6F1600B0E74E /* Assets.xcassets */ = {isa = PBXFileReference; lastKnownFileType = folder.assetcatalog; path = Assets.xcassets; sourceTree = "<group>"; };
		D31C21B6244A6F1600B0E74E /* Preview Assets.xcassets */ = {isa = PBXFileReference; lastKnownFileType = folder.assetcatalog; path = "Preview Assets.xcassets"; sourceTree = "<group>"; };
		D31C21B9244A6F1600B0E74E /* Base */ = {isa = PBXFileReference; lastKnownFileType = file.storyboard; name = Base; path = Base.lproj/LaunchScreen.storyboard; sourceTree = "<group>"; };
		D31C21BB244A6F1600B0E74E /* Info.plist */ = {isa = PBXFileReference; lastKnownFileType = text.plist.xml; path = Info.plist; sourceTree = "<group>"; };
		D31C21C0244A6F1600B0E74E /* AccuterraSampleAppTests.xctest */ = {isa = PBXFileReference; explicitFileType = wrapper.cfbundle; includeInIndex = 0; path = AccuterraSampleAppTests.xctest; sourceTree = BUILT_PRODUCTS_DIR; };
		D31C21C4244A6F1600B0E74E /* AccuterraSampleAppTests.swift */ = {isa = PBXFileReference; lastKnownFileType = sourcecode.swift; path = AccuterraSampleAppTests.swift; sourceTree = "<group>"; };
		D31C21C6244A6F1600B0E74E /* Info.plist */ = {isa = PBXFileReference; lastKnownFileType = text.plist.xml; path = Info.plist; sourceTree = "<group>"; };
		D31C21CB244A6F1600B0E74E /* AccuterraSampleAppUITests.xctest */ = {isa = PBXFileReference; explicitFileType = wrapper.cfbundle; includeInIndex = 0; path = AccuterraSampleAppUITests.xctest; sourceTree = BUILT_PRODUCTS_DIR; };
		D31C21CF244A6F1600B0E74E /* AccuterraSampleAppUITests.swift */ = {isa = PBXFileReference; lastKnownFileType = sourcecode.swift; path = AccuterraSampleAppUITests.swift; sourceTree = "<group>"; };
		D31C21D1244A6F1600B0E74E /* Info.plist */ = {isa = PBXFileReference; lastKnownFileType = text.plist.xml; path = Info.plist; sourceTree = "<group>"; };
		D31C21EB244A71CC00B0E74E /* InteractingWithMap.swift */ = {isa = PBXFileReference; fileEncoding = 4; lastKnownFileType = sourcecode.swift; path = InteractingWithMap.swift; sourceTree = "<group>"; };
		D31C21F5244A721700B0E74E /* SearchTermToList.swift */ = {isa = PBXFileReference; fileEncoding = 4; lastKnownFileType = sourcecode.swift; path = SearchTermToList.swift; sourceTree = "<group>"; };
		D31C21F6244A721700B0E74E /* SearchTermToMap.swift */ = {isa = PBXFileReference; fileEncoding = 4; lastKnownFileType = sourcecode.swift; path = SearchTermToMap.swift; sourceTree = "<group>"; };
		D31C21F7244A721800B0E74E /* SearchMapToList.swift */ = {isa = PBXFileReference; fileEncoding = 4; lastKnownFileType = sourcecode.swift; path = SearchMapToList.swift; sourceTree = "<group>"; };
		D31C21F8244A721800B0E74E /* SearchListToMap.swift */ = {isa = PBXFileReference; fileEncoding = 4; lastKnownFileType = sourcecode.swift; path = SearchListToMap.swift; sourceTree = "<group>"; };
		D31C21FE244A725300B0E74E /* FilteringMapBounds.swift */ = {isa = PBXFileReference; fileEncoding = 4; lastKnownFileType = sourcecode.swift; path = FilteringMapBounds.swift; sourceTree = "<group>"; };
		D31C21FF244A725300B0E74E /* FilteringMap.swift */ = {isa = PBXFileReference; fileEncoding = 4; lastKnownFileType = sourcecode.swift; path = FilteringMap.swift; sourceTree = "<group>"; };
		D31C2200244A725300B0E74E /* FilteringCritieria.swift */ = {isa = PBXFileReference; fileEncoding = 4; lastKnownFileType = sourcecode.swift; path = FilteringCritieria.swift; sourceTree = "<group>"; };
		D31C2206244A72B200B0E74E /* HomeView.swift */ = {isa = PBXFileReference; lastKnownFileType = sourcecode.swift; path = HomeView.swift; sourceTree = "<group>"; };
		D31C2208244A72EC00B0E74E /* CustomizingTrailsAndPOIs.swift */ = {isa = PBXFileReference; fileEncoding = 4; lastKnownFileType = sourcecode.swift; path = CustomizingTrailsAndPOIs.swift; sourceTree = "<group>"; };
		D31C220E244A741900B0E74E /* CreateMap.swift */ = {isa = PBXFileReference; fileEncoding = 4; lastKnownFileType = sourcecode.swift; path = CreateMap.swift; sourceTree = "<group>"; };
		D31C220F244A741900B0E74E /* AddingPOIs.swift */ = {isa = PBXFileReference; fileEncoding = 4; lastKnownFileType = sourcecode.swift; path = AddingPOIs.swift; sourceTree = "<group>"; };
		D31C2210244A741900B0E74E /* AddingTrails.swift */ = {isa = PBXFileReference; fileEncoding = 4; lastKnownFileType = sourcecode.swift; path = AddingTrails.swift; sourceTree = "<group>"; };
		D31C2211244A741A00B0E74E /* TrailDetails.swift */ = {isa = PBXFileReference; fileEncoding = 4; lastKnownFileType = sourcecode.swift; path = TrailDetails.swift; sourceTree = "<group>"; };
		D31C2216244A781500B0E74E /* ControllingTheMap.swift */ = {isa = PBXFileReference; lastKnownFileType = sourcecode.swift; path = ControllingTheMap.swift; sourceTree = "<group>"; };
		D386CA002454788D00D1A198 /* TrailDetailsViewModel.swift */ = {isa = PBXFileReference; lastKnownFileType = sourcecode.swift; path = TrailDetailsViewModel.swift; sourceTree = "<group>"; };
		D386CA052457570600D1A198 /* MapSearchingViewModel.swift */ = {isa = PBXFileReference; lastKnownFileType = sourcecode.swift; path = MapSearchingViewModel.swift; sourceTree = "<group>"; };
		D386CA092457941B00D1A198 /* 05-Black-Bear-Pass.gpx */ = {isa = PBXFileReference; lastKnownFileType = text.xml; path = "05-Black-Bear-Pass.gpx"; sourceTree = "<group>"; };
		D386CA0C2457945300D1A198 /* 04-Imogene-Pass.gpx */ = {isa = PBXFileReference; fileEncoding = 4; lastKnownFileType = text.xml; path = "04-Imogene-Pass.gpx"; sourceTree = "<group>"; };
		D386CA122457A20000D1A198 /* TrailsViewModelBrian.swift */ = {isa = PBXFileReference; lastKnownFileType = sourcecode.swift; path = TrailsViewModelBrian.swift; sourceTree = "<group>"; };
		D386CA552457D11B00D1A198 /* MapEventRouter.swift */ = {isa = PBXFileReference; lastKnownFileType = sourcecode.swift; path = MapEventRouter.swift; sourceTree = "<group>"; };
		D386CA9624588BBE00D1A198 /* AppSettings.swift */ = {isa = PBXFileReference; lastKnownFileType = sourcecode.swift; path = AppSettings.swift; sourceTree = "<group>"; };
		D386CA992458C89700D1A198 /* MapCoordinator.swift */ = {isa = PBXFileReference; lastKnownFileType = sourcecode.swift; path = MapCoordinator.swift; sourceTree = "<group>"; };
		D386CA9C2459D83D00D1A198 /* DetailView.swift */ = {isa = PBXFileReference; lastKnownFileType = sourcecode.swift; path = DetailView.swift; sourceTree = "<group>"; };
		D386CA9F2459F59E00D1A198 /* TrailDetailsInfo.swift */ = {isa = PBXFileReference; lastKnownFileType = sourcecode.swift; path = TrailDetailsInfo.swift; sourceTree = "<group>"; };
		D386CAA3245B24BB00D1A198 /* TrailsViewModel.swift */ = {isa = PBXFileReference; lastKnownFileType = sourcecode.swift; path = TrailsViewModel.swift; sourceTree = "<group>"; };
		D386CAA9245B2C4300D1A198 /* TrailListView.swift */ = {isa = PBXFileReference; lastKnownFileType = sourcecode.swift; path = TrailListView.swift; sourceTree = SOURCE_ROOT; };
		D386CAAC245B7F7E00D1A198 /* MapSettings.swift */ = {isa = PBXFileReference; lastKnownFileType = sourcecode.swift; name = MapSettings.swift; path = AccuterraSampleApp/Views/MapSettings.swift; sourceTree = SOURCE_ROOT; };
		D3B07E5B244E55D300A39B51 /* MapView.swift */ = {isa = PBXFileReference; lastKnownFileType = sourcecode.swift; path = MapView.swift; sourceTree = "<group>"; };
		D3B07E7A244E65C000A39B51 /* AccuterraSampleApp(Develop).app */ = {isa = PBXFileReference; explicitFileType = wrapper.application; includeInIndex = 0; path = "AccuterraSampleApp(Develop).app"; sourceTree = BUILT_PRODUCTS_DIR; };
		D3B07E7E244E688300A39B51 /* MapInteraction.swift */ = {isa = PBXFileReference; lastKnownFileType = sourcecode.swift; path = MapInteraction.swift; sourceTree = "<group>"; };
		D3B07E82244F75B000A39B51 /* DownloadView.swift */ = {isa = PBXFileReference; lastKnownFileType = sourcecode.swift; path = DownloadView.swift; sourceTree = "<group>"; };
		D3B07E85244F75E900A39B51 /* DownloadViewModel.swift */ = {isa = PBXFileReference; lastKnownFileType = sourcecode.swift; path = DownloadViewModel.swift; sourceTree = "<group>"; };
		D3B07E88244F761100A39B51 /* DownloadService.swift */ = {isa = PBXFileReference; lastKnownFileType = sourcecode.swift; path = DownloadService.swift; sourceTree = "<group>"; };
		D3B07E95244F9EF800A39B51 /* ViewRouter.swift */ = {isa = PBXFileReference; lastKnownFileType = sourcecode.swift; path = ViewRouter.swift; sourceTree = "<group>"; };
		D3B07E98244FAA1E00A39B51 /* ControllerView.swift */ = {isa = PBXFileReference; lastKnownFileType = sourcecode.swift; path = ControllerView.swift; sourceTree = "<group>"; };
/* End PBXFileReference section */

/* Begin PBXFrameworksBuildPhase section */
		D31C21A7244A6F1400B0E74E /* Frameworks */ = {
			isa = PBXFrameworksBuildPhase;
			buildActionMask = 2147483647;
			files = (
				FCAD5228C4EE2DA8FBE107A2 /* Pods_AccuterraSampleApp.framework in Frameworks */,
			);
			runOnlyForDeploymentPostprocessing = 0;
		};
		D31C21BD244A6F1600B0E74E /* Frameworks */ = {
			isa = PBXFrameworksBuildPhase;
			buildActionMask = 2147483647;
			files = (
			);
			runOnlyForDeploymentPostprocessing = 0;
		};
		D31C21C8244A6F1600B0E74E /* Frameworks */ = {
			isa = PBXFrameworksBuildPhase;
			buildActionMask = 2147483647;
			files = (
			);
			runOnlyForDeploymentPostprocessing = 0;
		};
		D3B07E72244E65C000A39B51 /* Frameworks */ = {
			isa = PBXFrameworksBuildPhase;
			buildActionMask = 2147483647;
			files = (
				9671770A0A7181F213BFDC92 /* Pods_AccuterraSampleApp__Develop_.framework in Frameworks */,
			);
			runOnlyForDeploymentPostprocessing = 0;
		};
/* End PBXFrameworksBuildPhase section */

/* Begin PBXGroup section */
		5BE0ADACBA852DBB68EFB69F /* Frameworks */ = {
			isa = PBXGroup;
			children = (
				630C035D3FF0BB70E3BFCC1E /* Pods_AccuterraSampleApp.framework */,
				12D447C273D9E9BC5CE88C26 /* Pods_AccuterraSampleApp__Develop_.framework */,
			);
			name = Frameworks;
			sourceTree = "<group>";
		};
		9EE9717B57C375971FF7D7F7 /* Pods */ = {
			isa = PBXGroup;
			children = (
				AC8B18708127830D66A9AE8E /* Pods-AccuterraSampleApp.debug.xcconfig */,
				C803D3914D6A83F2F1C9A4B5 /* Pods-AccuterraSampleApp.release.xcconfig */,
				ABF01E2BBBA77A31CB28F3FD /* Pods-AccuterraSampleApp (Develop).debug.xcconfig */,
				0B56F48B925EBCA02216AA1B /* Pods-AccuterraSampleApp (Develop).release.xcconfig */,
			);
			path = Pods;
			sourceTree = "<group>";
		};
		D31C21A1244A6F1400B0E74E = {
			isa = PBXGroup;
			children = (
				D386CA0C2457945300D1A198 /* 04-Imogene-Pass.gpx */,
				D386CA092457941B00D1A198 /* 05-Black-Bear-Pass.gpx */,
				D31C21AC244A6F1400B0E74E /* AccuterraSampleApp */,
				D31C21C3244A6F1600B0E74E /* AccuterraSampleAppTests */,
				D31C21CE244A6F1600B0E74E /* AccuterraSampleAppUITests */,
				D31C21AB244A6F1400B0E74E /* Products */,
				9EE9717B57C375971FF7D7F7 /* Pods */,
				5BE0ADACBA852DBB68EFB69F /* Frameworks */,
			);
			sourceTree = "<group>";
		};
		D31C21AB244A6F1400B0E74E /* Products */ = {
			isa = PBXGroup;
			children = (
				D31C21AA244A6F1400B0E74E /* AccuterraSampleApp.app */,
				D31C21C0244A6F1600B0E74E /* AccuterraSampleAppTests.xctest */,
				D31C21CB244A6F1600B0E74E /* AccuterraSampleAppUITests.xctest */,
				D3B07E7A244E65C000A39B51 /* AccuterraSampleApp(Develop).app */,
			);
			name = Products;
			sourceTree = "<group>";
		};
		D31C21AC244A6F1400B0E74E /* AccuterraSampleApp */ = {
			isa = PBXGroup;
			children = (
				D31C21E2244A704500B0E74E /* Utils */,
				D31C21E1244A703200B0E74E /* Resources */,
				D31C21E9244A719100B0E74E /* Views */,
				D31C21BB244A6F1600B0E74E /* Info.plist */,
				D31C21B5244A6F1600B0E74E /* Preview Content */,
			);
			path = AccuterraSampleApp;
			sourceTree = "<group>";
		};
		D31C21B5244A6F1600B0E74E /* Preview Content */ = {
			isa = PBXGroup;
			children = (
				D31C21B6244A6F1600B0E74E /* Preview Assets.xcassets */,
			);
			path = "Preview Content";
			sourceTree = "<group>";
		};
		D31C21C3244A6F1600B0E74E /* AccuterraSampleAppTests */ = {
			isa = PBXGroup;
			children = (
				D31C21C4244A6F1600B0E74E /* AccuterraSampleAppTests.swift */,
				D31C21C6244A6F1600B0E74E /* Info.plist */,
			);
			path = AccuterraSampleAppTests;
			sourceTree = "<group>";
		};
		D31C21CE244A6F1600B0E74E /* AccuterraSampleAppUITests */ = {
			isa = PBXGroup;
			children = (
				D31C21CF244A6F1600B0E74E /* AccuterraSampleAppUITests.swift */,
				D31C21D1244A6F1600B0E74E /* Info.plist */,
			);
			path = AccuterraSampleAppUITests;
			sourceTree = "<group>";
		};
		D31C21E1244A703200B0E74E /* Resources */ = {
			isa = PBXGroup;
			children = (
				D31C21B8244A6F1600B0E74E /* LaunchScreen.storyboard */,
				D31C21B3244A6F1600B0E74E /* Assets.xcassets */,
			);
			path = Resources;
			sourceTree = "<group>";
		};
		D31C21E2244A704500B0E74E /* Utils */ = {
			isa = PBXGroup;
			children = (
				D386CAAC245B7F7E00D1A198 /* MapSettings.swift */,
				D31C21AD244A6F1400B0E74E /* AppDelegate.swift */,
				D31C21AF244A6F1400B0E74E /* SceneDelegate.swift */,
			);
			path = Utils;
			sourceTree = "<group>";
		};
		D31C21E9244A719100B0E74E /* Views */ = {
			isa = PBXGroup;
			children = (
				D31C2206244A72B200B0E74E /* HomeView.swift */,
				D3B07E98244FAA1E00A39B51 /* ControllerView.swift */,
				D386CA9624588BBE00D1A198 /* AppSettings.swift */,
				D31C220D244A740000B0E74E /* Map Display */,
				D31C21EA244A71BB00B0E74E /* Controls */,
				D31C21F4244A71FC00B0E74E /* Searching */,
				D31C220C244A732100B0E74E /* Customizing */,
				D31C21FD244A723C00B0E74E /* Filtering */,
				D3B07E81244F74BA00A39B51 /* Download */,
			);
			path = Views;
			sourceTree = "<group>";
		};
		D31C21EA244A71BB00B0E74E /* Controls */ = {
			isa = PBXGroup;
			children = (
				D31C2216244A781500B0E74E /* ControllingTheMap.swift */,
				D31C21EB244A71CC00B0E74E /* InteractingWithMap.swift */,
			);
			path = Controls;
			sourceTree = "<group>";
		};
		D31C21F4244A71FC00B0E74E /* Searching */ = {
			isa = PBXGroup;
			children = (
				D31C21F8244A721800B0E74E /* SearchListToMap.swift */,
				D31C21F7244A721800B0E74E /* SearchMapToList.swift */,
				D31C21F5244A721700B0E74E /* SearchTermToList.swift */,
				D31C21F6244A721700B0E74E /* SearchTermToMap.swift */,
			);
			path = Searching;
			sourceTree = "<group>";
		};
		D31C21FD244A723C00B0E74E /* Filtering */ = {
			isa = PBXGroup;
			children = (
				D31C2200244A725300B0E74E /* FilteringCritieria.swift */,
				D31C21FF244A725300B0E74E /* FilteringMap.swift */,
				D31C21FE244A725300B0E74E /* FilteringMapBounds.swift */,
			);
			path = Filtering;
			sourceTree = "<group>";
		};
		D31C220C244A732100B0E74E /* Customizing */ = {
			isa = PBXGroup;
			children = (
				D31C2208244A72EC00B0E74E /* CustomizingTrailsAndPOIs.swift */,
			);
			path = Customizing;
			sourceTree = "<group>";
		};
		D31C220D244A740000B0E74E /* Map Display */ = {
			isa = PBXGroup;
			children = (
				D386CAA2245B232900D1A198 /* View Models */,
				D3B07E5B244E55D300A39B51 /* MapView.swift */,
				D386CA992458C89700D1A198 /* MapCoordinator.swift */,
				D31C220E244A741900B0E74E /* CreateMap.swift */,
				D31C2210244A741900B0E74E /* AddingTrails.swift */,
				D31C2211244A741A00B0E74E /* TrailDetails.swift */,
				D31C220F244A741900B0E74E /* AddingPOIs.swift */,
				D386CAA9245B2C4300D1A198 /* TrailListView.swift */,
				D386CA9F2459F59E00D1A198 /* TrailDetailsInfo.swift */,
				D386CA9C2459D83D00D1A198 /* DetailView.swift */,
				D386CA552457D11B00D1A198 /* MapEventRouter.swift */,
				D3B07E7E244E688300A39B51 /* MapInteraction.swift */,
			);
			path = "Map Display";
			sourceTree = "<group>";
		};
		D386CAA2245B232900D1A198 /* View Models */ = {
			isa = PBXGroup;
			children = (
				D386CA052457570600D1A198 /* MapSearchingViewModel.swift */,
				D386CA122457A20000D1A198 /* TrailsViewModelBrian.swift */,
				D386CA002454788D00D1A198 /* TrailDetailsViewModel.swift */,
				D386CAA3245B24BB00D1A198 /* TrailsViewModel.swift */,
			);
			path = "View Models";
			sourceTree = "<group>";
		};
		D3B07E81244F74BA00A39B51 /* Download */ = {
			isa = PBXGroup;
			children = (
				D3B07E82244F75B000A39B51 /* DownloadView.swift */,
				D3B07E95244F9EF800A39B51 /* ViewRouter.swift */,
				D3B07E85244F75E900A39B51 /* DownloadViewModel.swift */,
				D3B07E88244F761100A39B51 /* DownloadService.swift */,
			);
			path = Download;
			sourceTree = "<group>";
		};
/* End PBXGroup section */

/* Begin PBXNativeTarget section */
		D31C21A9244A6F1400B0E74E /* AccuterraSampleApp */ = {
			isa = PBXNativeTarget;
			buildConfigurationList = D31C21D4244A6F1600B0E74E /* Build configuration list for PBXNativeTarget "AccuterraSampleApp" */;
			buildPhases = (
				88C60599E8458A0BA14DB237 /* [CP] Check Pods Manifest.lock */,
				D31C21A6244A6F1400B0E74E /* Sources */,
				D31C21A7244A6F1400B0E74E /* Frameworks */,
				D31C21A8244A6F1400B0E74E /* Resources */,
				E5480F7161213D33DD726D1A /* [CP] Embed Pods Frameworks */,
				D3B07E7C244E674B00A39B51 /* Insert AccuTerra Access Tokens */,
				D3B07E7D244E678300A39B51 /* Insert Mapbox Access Token */,
				F6786CBFCCA2E3919B670B27 /* [CP] Copy Pods Resources */,
			);
			buildRules = (
			);
			dependencies = (
			);
			name = AccuterraSampleApp;
			productName = AccuterraSampleApp;
			productReference = D31C21AA244A6F1400B0E74E /* AccuterraSampleApp.app */;
			productType = "com.apple.product-type.application";
		};
		D31C21BF244A6F1600B0E74E /* AccuterraSampleAppTests */ = {
			isa = PBXNativeTarget;
			buildConfigurationList = D31C21D7244A6F1600B0E74E /* Build configuration list for PBXNativeTarget "AccuterraSampleAppTests" */;
			buildPhases = (
				D31C21BC244A6F1600B0E74E /* Sources */,
				D31C21BD244A6F1600B0E74E /* Frameworks */,
				D31C21BE244A6F1600B0E74E /* Resources */,
			);
			buildRules = (
			);
			dependencies = (
				D31C21C2244A6F1600B0E74E /* PBXTargetDependency */,
			);
			name = AccuterraSampleAppTests;
			productName = AccuterraSampleAppTests;
			productReference = D31C21C0244A6F1600B0E74E /* AccuterraSampleAppTests.xctest */;
			productType = "com.apple.product-type.bundle.unit-test";
		};
		D31C21CA244A6F1600B0E74E /* AccuterraSampleAppUITests */ = {
			isa = PBXNativeTarget;
			buildConfigurationList = D31C21DA244A6F1600B0E74E /* Build configuration list for PBXNativeTarget "AccuterraSampleAppUITests" */;
			buildPhases = (
				D31C21C7244A6F1600B0E74E /* Sources */,
				D31C21C8244A6F1600B0E74E /* Frameworks */,
				D31C21C9244A6F1600B0E74E /* Resources */,
			);
			buildRules = (
			);
			dependencies = (
				D31C21CD244A6F1600B0E74E /* PBXTargetDependency */,
			);
			name = AccuterraSampleAppUITests;
			productName = AccuterraSampleAppUITests;
			productReference = D31C21CB244A6F1600B0E74E /* AccuterraSampleAppUITests.xctest */;
			productType = "com.apple.product-type.bundle.ui-testing";
		};
		D3B07E5D244E65C000A39B51 /* AccuterraSampleApp (Develop) */ = {
			isa = PBXNativeTarget;
			buildConfigurationList = D3B07E77244E65C000A39B51 /* Build configuration list for PBXNativeTarget "AccuterraSampleApp (Develop)" */;
			buildPhases = (
				F0D346257D7B855B9309E53E /* [CP] Check Pods Manifest.lock */,
				D3B07E5E244E65C000A39B51 /* Sources */,
				D3B07E72244E65C000A39B51 /* Frameworks */,
				D3B07E73244E65C000A39B51 /* Resources */,
				ED3873712A8DA919359ACB1B /* [CP] Embed Pods Frameworks */,
				D3B07E8B244F793D00A39B51 /* Insert AccuTerra Access Tokens */,
				D3B07E8C244F798300A39B51 /* Insert Mapbox Access Token */,
				985934E0A01708D588F49815 /* [CP] Copy Pods Resources */,
			);
			buildRules = (
			);
			dependencies = (
			);
			name = "AccuterraSampleApp (Develop)";
			productName = AccuterraSampleApp;
			productReference = D3B07E7A244E65C000A39B51 /* AccuterraSampleApp(Develop).app */;
			productType = "com.apple.product-type.application";
		};
/* End PBXNativeTarget section */

/* Begin PBXProject section */
		D31C21A2244A6F1400B0E74E /* Project object */ = {
			isa = PBXProject;
			attributes = {
				LastSwiftUpdateCheck = 1140;
				LastUpgradeCheck = 1140;
				ORGANIZATIONNAME = "NeoTreks, Inc.";
				TargetAttributes = {
					D31C21A9244A6F1400B0E74E = {
						CreatedOnToolsVersion = 11.4;
					};
					D31C21BF244A6F1600B0E74E = {
						CreatedOnToolsVersion = 11.4;
						TestTargetID = D31C21A9244A6F1400B0E74E;
					};
					D31C21CA244A6F1600B0E74E = {
						CreatedOnToolsVersion = 11.4;
						TestTargetID = D31C21A9244A6F1400B0E74E;
					};
				};
			};
			buildConfigurationList = D31C21A5244A6F1400B0E74E /* Build configuration list for PBXProject "AccuterraSampleApp" */;
			compatibilityVersion = "Xcode 9.3";
			developmentRegion = en;
			hasScannedForEncodings = 0;
			knownRegions = (
				en,
				Base,
			);
			mainGroup = D31C21A1244A6F1400B0E74E;
			productRefGroup = D31C21AB244A6F1400B0E74E /* Products */;
			projectDirPath = "";
			projectRoot = "";
			targets = (
				D31C21A9244A6F1400B0E74E /* AccuterraSampleApp */,
				D3B07E5D244E65C000A39B51 /* AccuterraSampleApp (Develop) */,
				D31C21BF244A6F1600B0E74E /* AccuterraSampleAppTests */,
				D31C21CA244A6F1600B0E74E /* AccuterraSampleAppUITests */,
			);
		};
/* End PBXProject section */

/* Begin PBXResourcesBuildPhase section */
		D31C21A8244A6F1400B0E74E /* Resources */ = {
			isa = PBXResourcesBuildPhase;
			buildActionMask = 2147483647;
			files = (
				D31C21BA244A6F1600B0E74E /* LaunchScreen.storyboard in Resources */,
				D31C21B7244A6F1600B0E74E /* Preview Assets.xcassets in Resources */,
				D386CA0D2457945300D1A198 /* 04-Imogene-Pass.gpx in Resources */,
				D386CA0A2457942200D1A198 /* 05-Black-Bear-Pass.gpx in Resources */,
				D31C21B4244A6F1600B0E74E /* Assets.xcassets in Resources */,
			);
			runOnlyForDeploymentPostprocessing = 0;
		};
		D31C21BE244A6F1600B0E74E /* Resources */ = {
			isa = PBXResourcesBuildPhase;
			buildActionMask = 2147483647;
			files = (
			);
			runOnlyForDeploymentPostprocessing = 0;
		};
		D31C21C9244A6F1600B0E74E /* Resources */ = {
			isa = PBXResourcesBuildPhase;
			buildActionMask = 2147483647;
			files = (
			);
			runOnlyForDeploymentPostprocessing = 0;
		};
		D3B07E73244E65C000A39B51 /* Resources */ = {
			isa = PBXResourcesBuildPhase;
			buildActionMask = 2147483647;
			files = (
				D3B07E74244E65C000A39B51 /* LaunchScreen.storyboard in Resources */,
				D386CA0B2457942300D1A198 /* 05-Black-Bear-Pass.gpx in Resources */,
				D386CA0E2457945300D1A198 /* 04-Imogene-Pass.gpx in Resources */,
				D3B07E75244E65C000A39B51 /* Preview Assets.xcassets in Resources */,
				D3B07E76244E65C000A39B51 /* Assets.xcassets in Resources */,
			);
			runOnlyForDeploymentPostprocessing = 0;
		};
/* End PBXResourcesBuildPhase section */

/* Begin PBXShellScriptBuildPhase section */
		88C60599E8458A0BA14DB237 /* [CP] Check Pods Manifest.lock */ = {
			isa = PBXShellScriptBuildPhase;
			buildActionMask = 2147483647;
			files = (
			);
			inputFileListPaths = (
			);
			inputPaths = (
				"${PODS_PODFILE_DIR_PATH}/Podfile.lock",
				"${PODS_ROOT}/Manifest.lock",
			);
			name = "[CP] Check Pods Manifest.lock";
			outputFileListPaths = (
			);
			outputPaths = (
				"$(DERIVED_FILE_DIR)/Pods-AccuterraSampleApp-checkManifestLockResult.txt",
			);
			runOnlyForDeploymentPostprocessing = 0;
			shellPath = /bin/sh;
			shellScript = "diff \"${PODS_PODFILE_DIR_PATH}/Podfile.lock\" \"${PODS_ROOT}/Manifest.lock\" > /dev/null\nif [ $? != 0 ] ; then\n    # print error to STDERR\n    echo \"error: The sandbox is not in sync with the Podfile.lock. Run 'pod install' or update your CocoaPods installation.\" >&2\n    exit 1\nfi\n# This output is used by Xcode 'outputs' to avoid re-running this script phase.\necho \"SUCCESS\" > \"${SCRIPT_OUTPUT_FILE_0}\"\n";
			showEnvVarsInLog = 0;
		};
		985934E0A01708D588F49815 /* [CP] Copy Pods Resources */ = {
			isa = PBXShellScriptBuildPhase;
			buildActionMask = 2147483647;
			files = (
			);
			inputFileListPaths = (
				"${PODS_ROOT}/Target Support Files/Pods-AccuterraSampleApp (Develop)/Pods-AccuterraSampleApp (Develop)-resources-${CONFIGURATION}-input-files.xcfilelist",
			);
			name = "[CP] Copy Pods Resources";
			outputFileListPaths = (
				"${PODS_ROOT}/Target Support Files/Pods-AccuterraSampleApp (Develop)/Pods-AccuterraSampleApp (Develop)-resources-${CONFIGURATION}-output-files.xcfilelist",
			);
			runOnlyForDeploymentPostprocessing = 0;
			shellPath = /bin/sh;
			shellScript = "\"${PODS_ROOT}/Target Support Files/Pods-AccuterraSampleApp (Develop)/Pods-AccuterraSampleApp (Develop)-resources.sh\"\n";
			showEnvVarsInLog = 0;
		};
		D3B07E7C244E674B00A39B51 /* Insert AccuTerra Access Tokens */ = {
			isa = PBXShellScriptBuildPhase;
			buildActionMask = 2147483647;
			files = (
			);
			inputFileListPaths = (
			);
			inputPaths = (
				"$(TARGET_BUILD_DIR)/$(INFOPLIST_PATH)",
			);
			name = "Insert AccuTerra Access Tokens";
			outputFileListPaths = (
			);
			outputPaths = (
			);
			runOnlyForDeploymentPostprocessing = 0;
			shellPath = /bin/sh;
			shellScript = "$SRCROOT/insert_accuterra_access_tokens.sh\n";
		};
		D3B07E7D244E678300A39B51 /* Insert Mapbox Access Token */ = {
			isa = PBXShellScriptBuildPhase;
			buildActionMask = 2147483647;
			files = (
			);
			inputFileListPaths = (
			);
			inputPaths = (
				"$(TARGET_BUILD_DIR)/$(INFOPLIST_PATH)",
			);
			name = "Insert Mapbox Access Token";
			outputFileListPaths = (
			);
			outputPaths = (
			);
			runOnlyForDeploymentPostprocessing = 0;
			shellPath = /bin/sh;
			shellScript = "$SRCROOT/insert_mapbox_access_token.sh\n";
		};
		D3B07E8B244F793D00A39B51 /* Insert AccuTerra Access Tokens */ = {
			isa = PBXShellScriptBuildPhase;
			buildActionMask = 2147483647;
			files = (
			);
			inputFileListPaths = (
			);
			inputPaths = (
				"$(TARGET_BUILD_DIR)/$(INFOPLIST_PATH)",
			);
			name = "Insert AccuTerra Access Tokens";
			outputFileListPaths = (
			);
			outputPaths = (
			);
			runOnlyForDeploymentPostprocessing = 0;
			shellPath = /bin/sh;
			shellScript = "$SRCROOT/insert_accuterra_access_tokens.sh\n";
		};
		D3B07E8C244F798300A39B51 /* Insert Mapbox Access Token */ = {
			isa = PBXShellScriptBuildPhase;
			buildActionMask = 2147483647;
			files = (
			);
			inputFileListPaths = (
			);
			inputPaths = (
				"$(TARGET_BUILD_DIR)/$(INFOPLIST_PATH)",
			);
			name = "Insert Mapbox Access Token";
			outputFileListPaths = (
			);
			outputPaths = (
			);
			runOnlyForDeploymentPostprocessing = 0;
			shellPath = /bin/sh;
			shellScript = "$SRCROOT/insert_mapbox_access_token.sh\n";
		};
		E5480F7161213D33DD726D1A /* [CP] Embed Pods Frameworks */ = {
			isa = PBXShellScriptBuildPhase;
			buildActionMask = 2147483647;
			files = (
			);
			inputFileListPaths = (
				"${PODS_ROOT}/Target Support Files/Pods-AccuterraSampleApp/Pods-AccuterraSampleApp-frameworks-${CONFIGURATION}-input-files.xcfilelist",
			);
			name = "[CP] Embed Pods Frameworks";
			outputFileListPaths = (
				"${PODS_ROOT}/Target Support Files/Pods-AccuterraSampleApp/Pods-AccuterraSampleApp-frameworks-${CONFIGURATION}-output-files.xcfilelist",
			);
			runOnlyForDeploymentPostprocessing = 0;
			shellPath = /bin/sh;
			shellScript = "\"${PODS_ROOT}/Target Support Files/Pods-AccuterraSampleApp/Pods-AccuterraSampleApp-frameworks.sh\"\n";
			showEnvVarsInLog = 0;
		};
		ED3873712A8DA919359ACB1B /* [CP] Embed Pods Frameworks */ = {
			isa = PBXShellScriptBuildPhase;
			buildActionMask = 2147483647;
			files = (
			);
			inputFileListPaths = (
				"${PODS_ROOT}/Target Support Files/Pods-AccuterraSampleApp (Develop)/Pods-AccuterraSampleApp (Develop)-frameworks-${CONFIGURATION}-input-files.xcfilelist",
			);
			name = "[CP] Embed Pods Frameworks";
			outputFileListPaths = (
				"${PODS_ROOT}/Target Support Files/Pods-AccuterraSampleApp (Develop)/Pods-AccuterraSampleApp (Develop)-frameworks-${CONFIGURATION}-output-files.xcfilelist",
			);
			runOnlyForDeploymentPostprocessing = 0;
			shellPath = /bin/sh;
			shellScript = "\"${PODS_ROOT}/Target Support Files/Pods-AccuterraSampleApp (Develop)/Pods-AccuterraSampleApp (Develop)-frameworks.sh\"\n";
			showEnvVarsInLog = 0;
		};
		F0D346257D7B855B9309E53E /* [CP] Check Pods Manifest.lock */ = {
			isa = PBXShellScriptBuildPhase;
			buildActionMask = 2147483647;
			files = (
			);
			inputFileListPaths = (
			);
			inputPaths = (
				"${PODS_PODFILE_DIR_PATH}/Podfile.lock",
				"${PODS_ROOT}/Manifest.lock",
			);
			name = "[CP] Check Pods Manifest.lock";
			outputFileListPaths = (
			);
			outputPaths = (
				"$(DERIVED_FILE_DIR)/Pods-AccuterraSampleApp (Develop)-checkManifestLockResult.txt",
			);
			runOnlyForDeploymentPostprocessing = 0;
			shellPath = /bin/sh;
			shellScript = "diff \"${PODS_PODFILE_DIR_PATH}/Podfile.lock\" \"${PODS_ROOT}/Manifest.lock\" > /dev/null\nif [ $? != 0 ] ; then\n    # print error to STDERR\n    echo \"error: The sandbox is not in sync with the Podfile.lock. Run 'pod install' or update your CocoaPods installation.\" >&2\n    exit 1\nfi\n# This output is used by Xcode 'outputs' to avoid re-running this script phase.\necho \"SUCCESS\" > \"${SCRIPT_OUTPUT_FILE_0}\"\n";
			showEnvVarsInLog = 0;
		};
		F6786CBFCCA2E3919B670B27 /* [CP] Copy Pods Resources */ = {
			isa = PBXShellScriptBuildPhase;
			buildActionMask = 2147483647;
			files = (
			);
			inputFileListPaths = (
				"${PODS_ROOT}/Target Support Files/Pods-AccuterraSampleApp/Pods-AccuterraSampleApp-resources-${CONFIGURATION}-input-files.xcfilelist",
			);
			name = "[CP] Copy Pods Resources";
			outputFileListPaths = (
				"${PODS_ROOT}/Target Support Files/Pods-AccuterraSampleApp/Pods-AccuterraSampleApp-resources-${CONFIGURATION}-output-files.xcfilelist",
			);
			runOnlyForDeploymentPostprocessing = 0;
			shellPath = /bin/sh;
			shellScript = "\"${PODS_ROOT}/Target Support Files/Pods-AccuterraSampleApp/Pods-AccuterraSampleApp-resources.sh\"\n";
			showEnvVarsInLog = 0;
		};
/* End PBXShellScriptBuildPhase section */

/* Begin PBXSourcesBuildPhase section */
		D31C21A6244A6F1400B0E74E /* Sources */ = {
			isa = PBXSourcesBuildPhase;
			buildActionMask = 2147483647;
			files = (
				D386CA012454788D00D1A198 /* TrailDetailsViewModel.swift in Sources */,
				D3B07E86244F75E900A39B51 /* DownloadViewModel.swift in Sources */,
				D31C2214244A741A00B0E74E /* AddingTrails.swift in Sources */,
				D31C21FA244A721800B0E74E /* SearchTermToMap.swift in Sources */,
				D3B07E96244F9EF800A39B51 /* ViewRouter.swift in Sources */,
				D3B07E99244FAA1E00A39B51 /* ControllerView.swift in Sources */,
				D386CA562457D11B00D1A198 /* MapEventRouter.swift in Sources */,
				D31C2207244A72B200B0E74E /* HomeView.swift in Sources */,
				D386CA132457A20000D1A198 /* TrailsViewModelBrian.swift in Sources */,
				D31C21F9244A721800B0E74E /* SearchTermToList.swift in Sources */,
				D31C2213244A741A00B0E74E /* AddingPOIs.swift in Sources */,
				D31C2212244A741A00B0E74E /* CreateMap.swift in Sources */,
				D31C21FC244A721800B0E74E /* SearchListToMap.swift in Sources */,
				D386CAA4245B24BB00D1A198 /* TrailsViewModel.swift in Sources */,
				D31C2209244A72EC00B0E74E /* CustomizingTrailsAndPOIs.swift in Sources */,
				D3B07E89244F761100A39B51 /* DownloadService.swift in Sources */,
				D31C2217244A781500B0E74E /* ControllingTheMap.swift in Sources */,
				D3B07E7F244E688300A39B51 /* MapInteraction.swift in Sources */,
				D386CA9D2459D83D00D1A198 /* DetailView.swift in Sources */,
				D31C21AE244A6F1400B0E74E /* AppDelegate.swift in Sources */,
				D31C21B0244A6F1400B0E74E /* SceneDelegate.swift in Sources */,
				D31C2215244A741A00B0E74E /* TrailDetails.swift in Sources */,
				D31C2201244A725300B0E74E /* FilteringMapBounds.swift in Sources */,
				D386CA9A2458C89700D1A198 /* MapCoordinator.swift in Sources */,
				D386CA9724588BBE00D1A198 /* AppSettings.swift in Sources */,
				D386CA062457570600D1A198 /* MapSearchingViewModel.swift in Sources */,
				D31C2203244A725300B0E74E /* FilteringCritieria.swift in Sources */,
				D3B07E5C244E55D300A39B51 /* MapView.swift in Sources */,
				D31C21FB244A721800B0E74E /* SearchMapToList.swift in Sources */,
				D386CAAD245B7F7E00D1A198 /* MapSettings.swift in Sources */,
				D3B07E83244F75B000A39B51 /* DownloadView.swift in Sources */,
				D386CAA02459F59E00D1A198 /* TrailDetailsInfo.swift in Sources */,
				D31C21EC244A71CC00B0E74E /* InteractingWithMap.swift in Sources */,
				D386CAAA245B2C4300D1A198 /* TrailListView.swift in Sources */,
				D31C2202244A725300B0E74E /* FilteringMap.swift in Sources */,
			);
			runOnlyForDeploymentPostprocessing = 0;
		};
		D31C21BC244A6F1600B0E74E /* Sources */ = {
			isa = PBXSourcesBuildPhase;
			buildActionMask = 2147483647;
			files = (
				D31C21C5244A6F1600B0E74E /* AccuterraSampleAppTests.swift in Sources */,
			);
			runOnlyForDeploymentPostprocessing = 0;
		};
		D31C21C7244A6F1600B0E74E /* Sources */ = {
			isa = PBXSourcesBuildPhase;
			buildActionMask = 2147483647;
			files = (
				D31C21D0244A6F1600B0E74E /* AccuterraSampleAppUITests.swift in Sources */,
			);
			runOnlyForDeploymentPostprocessing = 0;
		};
		D3B07E5E244E65C000A39B51 /* Sources */ = {
			isa = PBXSourcesBuildPhase;
			buildActionMask = 2147483647;
			files = (
				D386CA022454788D00D1A198 /* TrailDetailsViewModel.swift in Sources */,
				D3B07E87244F75E900A39B51 /* DownloadViewModel.swift in Sources */,
				D386CA9824588BBE00D1A198 /* AppSettings.swift in Sources */,
				D3B07E5F244E65C000A39B51 /* AddingTrails.swift in Sources */,
				D3B07E60244E65C000A39B51 /* SearchTermToMap.swift in Sources */,
				D3B07E97244F9EF800A39B51 /* ViewRouter.swift in Sources */,
				D3B07E9A244FAA1E00A39B51 /* ControllerView.swift in Sources */,
				D3B07E61244E65C000A39B51 /* HomeView.swift in Sources */,
				D3B07E62244E65C000A39B51 /* SearchTermToList.swift in Sources */,
				D386CAAE245B7F7E00D1A198 /* MapSettings.swift in Sources */,
				D3B07E63244E65C000A39B51 /* AddingPOIs.swift in Sources */,
				D3B07E64244E65C000A39B51 /* CreateMap.swift in Sources */,
				D3B07E65244E65C000A39B51 /* SearchListToMap.swift in Sources */,
				D386CA572457D11B00D1A198 /* MapEventRouter.swift in Sources */,
				D3B07E66244E65C000A39B51 /* CustomizingTrailsAndPOIs.swift in Sources */,
				D386CAA5245B24BB00D1A198 /* TrailsViewModel.swift in Sources */,
				D386CAA12459F59E00D1A198 /* TrailDetailsInfo.swift in Sources */,
				D386CA9B2458C89700D1A198 /* MapCoordinator.swift in Sources */,
				D386CAAB245B2C4300D1A198 /* TrailListView.swift in Sources */,
				D3B07E8A244F761100A39B51 /* DownloadService.swift in Sources */,
				D3B07E67244E65C000A39B51 /* ControllingTheMap.swift in Sources */,
				D3B07E80244E688300A39B51 /* MapInteraction.swift in Sources */,
				D386CA142457A20000D1A198 /* TrailsViewModelBrian.swift in Sources */,
				D3B07E68244E65C000A39B51 /* AppDelegate.swift in Sources */,
				D3B07E6A244E65C000A39B51 /* SceneDelegate.swift in Sources */,
				D3B07E6B244E65C000A39B51 /* TrailDetails.swift in Sources */,
				D3B07E6C244E65C000A39B51 /* FilteringMapBounds.swift in Sources */,
				D3B07E6D244E65C000A39B51 /* FilteringCritieria.swift in Sources */,
				D386CA9E2459D83D00D1A198 /* DetailView.swift in Sources */,
				D3B07E6E244E65C000A39B51 /* MapView.swift in Sources */,
				D3B07E6F244E65C000A39B51 /* SearchMapToList.swift in Sources */,
				D3B07E84244F75B000A39B51 /* DownloadView.swift in Sources */,
				D3B07E70244E65C000A39B51 /* InteractingWithMap.swift in Sources */,
				D3B07E71244E65C000A39B51 /* FilteringMap.swift in Sources */,
			);
			runOnlyForDeploymentPostprocessing = 0;
		};
/* End PBXSourcesBuildPhase section */

/* Begin PBXTargetDependency section */
		D31C21C2244A6F1600B0E74E /* PBXTargetDependency */ = {
			isa = PBXTargetDependency;
			target = D31C21A9244A6F1400B0E74E /* AccuterraSampleApp */;
			targetProxy = D31C21C1244A6F1600B0E74E /* PBXContainerItemProxy */;
		};
		D31C21CD244A6F1600B0E74E /* PBXTargetDependency */ = {
			isa = PBXTargetDependency;
			target = D31C21A9244A6F1400B0E74E /* AccuterraSampleApp */;
			targetProxy = D31C21CC244A6F1600B0E74E /* PBXContainerItemProxy */;
		};
/* End PBXTargetDependency section */

/* Begin PBXVariantGroup section */
		D31C21B8244A6F1600B0E74E /* LaunchScreen.storyboard */ = {
			isa = PBXVariantGroup;
			children = (
				D31C21B9244A6F1600B0E74E /* Base */,
			);
			name = LaunchScreen.storyboard;
			sourceTree = "<group>";
		};
/* End PBXVariantGroup section */

/* Begin XCBuildConfiguration section */
		D31C21D2244A6F1600B0E74E /* Debug */ = {
			isa = XCBuildConfiguration;
			buildSettings = {
				ALWAYS_SEARCH_USER_PATHS = NO;
				CLANG_ANALYZER_NONNULL = YES;
				CLANG_ANALYZER_NUMBER_OBJECT_CONVERSION = YES_AGGRESSIVE;
				CLANG_CXX_LANGUAGE_STANDARD = "gnu++14";
				CLANG_CXX_LIBRARY = "libc++";
				CLANG_ENABLE_MODULES = YES;
				CLANG_ENABLE_OBJC_ARC = YES;
				CLANG_ENABLE_OBJC_WEAK = YES;
				CLANG_WARN_BLOCK_CAPTURE_AUTORELEASING = YES;
				CLANG_WARN_BOOL_CONVERSION = YES;
				CLANG_WARN_COMMA = YES;
				CLANG_WARN_CONSTANT_CONVERSION = YES;
				CLANG_WARN_DEPRECATED_OBJC_IMPLEMENTATIONS = YES;
				CLANG_WARN_DIRECT_OBJC_ISA_USAGE = YES_ERROR;
				CLANG_WARN_DOCUMENTATION_COMMENTS = YES;
				CLANG_WARN_EMPTY_BODY = YES;
				CLANG_WARN_ENUM_CONVERSION = YES;
				CLANG_WARN_INFINITE_RECURSION = YES;
				CLANG_WARN_INT_CONVERSION = YES;
				CLANG_WARN_NON_LITERAL_NULL_CONVERSION = YES;
				CLANG_WARN_OBJC_IMPLICIT_RETAIN_SELF = YES;
				CLANG_WARN_OBJC_LITERAL_CONVERSION = YES;
				CLANG_WARN_OBJC_ROOT_CLASS = YES_ERROR;
				CLANG_WARN_RANGE_LOOP_ANALYSIS = YES;
				CLANG_WARN_STRICT_PROTOTYPES = YES;
				CLANG_WARN_SUSPICIOUS_MOVE = YES;
				CLANG_WARN_UNGUARDED_AVAILABILITY = YES_AGGRESSIVE;
				CLANG_WARN_UNREACHABLE_CODE = YES;
				CLANG_WARN__DUPLICATE_METHOD_MATCH = YES;
				COPY_PHASE_STRIP = NO;
				DEBUG_INFORMATION_FORMAT = dwarf;
				ENABLE_STRICT_OBJC_MSGSEND = YES;
				ENABLE_TESTABILITY = YES;
				GCC_C_LANGUAGE_STANDARD = gnu11;
				GCC_DYNAMIC_NO_PIC = NO;
				GCC_NO_COMMON_BLOCKS = YES;
				GCC_OPTIMIZATION_LEVEL = 0;
				GCC_PREPROCESSOR_DEFINITIONS = (
					"DEBUG=1",
					"$(inherited)",
				);
				GCC_WARN_64_TO_32_BIT_CONVERSION = YES;
				GCC_WARN_ABOUT_RETURN_TYPE = YES_ERROR;
				GCC_WARN_UNDECLARED_SELECTOR = YES;
				GCC_WARN_UNINITIALIZED_AUTOS = YES_AGGRESSIVE;
				GCC_WARN_UNUSED_FUNCTION = YES;
				GCC_WARN_UNUSED_VARIABLE = YES;
				IPHONEOS_DEPLOYMENT_TARGET = 13.4;
				MTL_ENABLE_DEBUG_INFO = INCLUDE_SOURCE;
				MTL_FAST_MATH = YES;
				ONLY_ACTIVE_ARCH = YES;
				SDKROOT = iphoneos;
				SWIFT_ACTIVE_COMPILATION_CONDITIONS = DEBUG;
				SWIFT_OPTIMIZATION_LEVEL = "-Onone";
			};
			name = Debug;
		};
		D31C21D3244A6F1600B0E74E /* Release */ = {
			isa = XCBuildConfiguration;
			buildSettings = {
				ALWAYS_SEARCH_USER_PATHS = NO;
				CLANG_ANALYZER_NONNULL = YES;
				CLANG_ANALYZER_NUMBER_OBJECT_CONVERSION = YES_AGGRESSIVE;
				CLANG_CXX_LANGUAGE_STANDARD = "gnu++14";
				CLANG_CXX_LIBRARY = "libc++";
				CLANG_ENABLE_MODULES = YES;
				CLANG_ENABLE_OBJC_ARC = YES;
				CLANG_ENABLE_OBJC_WEAK = YES;
				CLANG_WARN_BLOCK_CAPTURE_AUTORELEASING = YES;
				CLANG_WARN_BOOL_CONVERSION = YES;
				CLANG_WARN_COMMA = YES;
				CLANG_WARN_CONSTANT_CONVERSION = YES;
				CLANG_WARN_DEPRECATED_OBJC_IMPLEMENTATIONS = YES;
				CLANG_WARN_DIRECT_OBJC_ISA_USAGE = YES_ERROR;
				CLANG_WARN_DOCUMENTATION_COMMENTS = YES;
				CLANG_WARN_EMPTY_BODY = YES;
				CLANG_WARN_ENUM_CONVERSION = YES;
				CLANG_WARN_INFINITE_RECURSION = YES;
				CLANG_WARN_INT_CONVERSION = YES;
				CLANG_WARN_NON_LITERAL_NULL_CONVERSION = YES;
				CLANG_WARN_OBJC_IMPLICIT_RETAIN_SELF = YES;
				CLANG_WARN_OBJC_LITERAL_CONVERSION = YES;
				CLANG_WARN_OBJC_ROOT_CLASS = YES_ERROR;
				CLANG_WARN_RANGE_LOOP_ANALYSIS = YES;
				CLANG_WARN_STRICT_PROTOTYPES = YES;
				CLANG_WARN_SUSPICIOUS_MOVE = YES;
				CLANG_WARN_UNGUARDED_AVAILABILITY = YES_AGGRESSIVE;
				CLANG_WARN_UNREACHABLE_CODE = YES;
				CLANG_WARN__DUPLICATE_METHOD_MATCH = YES;
				COPY_PHASE_STRIP = NO;
				DEBUG_INFORMATION_FORMAT = "dwarf-with-dsym";
				ENABLE_NS_ASSERTIONS = NO;
				ENABLE_STRICT_OBJC_MSGSEND = YES;
				GCC_C_LANGUAGE_STANDARD = gnu11;
				GCC_NO_COMMON_BLOCKS = YES;
				GCC_WARN_64_TO_32_BIT_CONVERSION = YES;
				GCC_WARN_ABOUT_RETURN_TYPE = YES_ERROR;
				GCC_WARN_UNDECLARED_SELECTOR = YES;
				GCC_WARN_UNINITIALIZED_AUTOS = YES_AGGRESSIVE;
				GCC_WARN_UNUSED_FUNCTION = YES;
				GCC_WARN_UNUSED_VARIABLE = YES;
				IPHONEOS_DEPLOYMENT_TARGET = 13.4;
				MTL_ENABLE_DEBUG_INFO = NO;
				MTL_FAST_MATH = YES;
				SDKROOT = iphoneos;
				SWIFT_COMPILATION_MODE = wholemodule;
				SWIFT_OPTIMIZATION_LEVEL = "-O";
				VALIDATE_PRODUCT = YES;
			};
			name = Release;
		};
		D31C21D5244A6F1600B0E74E /* Debug */ = {
			isa = XCBuildConfiguration;
			baseConfigurationReference = AC8B18708127830D66A9AE8E /* Pods-AccuterraSampleApp.debug.xcconfig */;
			buildSettings = {
				ASSETCATALOG_COMPILER_APPICON_NAME = AppIcon;
				CODE_SIGN_STYLE = Automatic;
				DEVELOPMENT_ASSET_PATHS = "\"AccuterraSampleApp/Preview Content\"";
				DEVELOPMENT_TEAM = PK2TWU892A;
				ENABLE_PREVIEWS = YES;
				INFOPLIST_FILE = AccuterraSampleApp/Info.plist;
				LD_RUNPATH_SEARCH_PATHS = (
					"$(inherited)",
					"@executable_path/Frameworks",
				);
				PRODUCT_BUNDLE_IDENTIFIER = com.neotreks.AccuterraSampleApp;
				PRODUCT_NAME = "$(TARGET_NAME)";
				SWIFT_VERSION = 5.0;
				TARGETED_DEVICE_FAMILY = "1,2";
			};
			name = Debug;
		};
		D31C21D6244A6F1600B0E74E /* Release */ = {
			isa = XCBuildConfiguration;
			baseConfigurationReference = C803D3914D6A83F2F1C9A4B5 /* Pods-AccuterraSampleApp.release.xcconfig */;
			buildSettings = {
				ASSETCATALOG_COMPILER_APPICON_NAME = AppIcon;
				CODE_SIGN_STYLE = Automatic;
				DEVELOPMENT_ASSET_PATHS = "\"AccuterraSampleApp/Preview Content\"";
				DEVELOPMENT_TEAM = PK2TWU892A;
				ENABLE_PREVIEWS = YES;
				INFOPLIST_FILE = AccuterraSampleApp/Info.plist;
				LD_RUNPATH_SEARCH_PATHS = (
					"$(inherited)",
					"@executable_path/Frameworks",
				);
				PRODUCT_BUNDLE_IDENTIFIER = com.neotreks.AccuterraSampleApp;
				PRODUCT_NAME = "$(TARGET_NAME)";
				SWIFT_VERSION = 5.0;
				TARGETED_DEVICE_FAMILY = "1,2";
			};
			name = Release;
		};
		D31C21D8244A6F1600B0E74E /* Debug */ = {
			isa = XCBuildConfiguration;
			buildSettings = {
				ALWAYS_EMBED_SWIFT_STANDARD_LIBRARIES = YES;
				BUNDLE_LOADER = "$(TEST_HOST)";
				CODE_SIGN_STYLE = Automatic;
				DEVELOPMENT_TEAM = PK2TWU892A;
				INFOPLIST_FILE = AccuterraSampleAppTests/Info.plist;
				IPHONEOS_DEPLOYMENT_TARGET = 13.4;
				LD_RUNPATH_SEARCH_PATHS = (
					"$(inherited)",
					"@executable_path/Frameworks",
					"@loader_path/Frameworks",
				);
				PRODUCT_BUNDLE_IDENTIFIER = com.neotreks.AccuterraSampleAppTests;
				PRODUCT_NAME = "$(TARGET_NAME)";
				SWIFT_VERSION = 5.0;
				TARGETED_DEVICE_FAMILY = "1,2";
				TEST_HOST = "$(BUILT_PRODUCTS_DIR)/AccuterraSampleApp.app/AccuterraSampleApp";
			};
			name = Debug;
		};
		D31C21D9244A6F1600B0E74E /* Release */ = {
			isa = XCBuildConfiguration;
			buildSettings = {
				ALWAYS_EMBED_SWIFT_STANDARD_LIBRARIES = YES;
				BUNDLE_LOADER = "$(TEST_HOST)";
				CODE_SIGN_STYLE = Automatic;
				DEVELOPMENT_TEAM = PK2TWU892A;
				INFOPLIST_FILE = AccuterraSampleAppTests/Info.plist;
				IPHONEOS_DEPLOYMENT_TARGET = 13.4;
				LD_RUNPATH_SEARCH_PATHS = (
					"$(inherited)",
					"@executable_path/Frameworks",
					"@loader_path/Frameworks",
				);
				PRODUCT_BUNDLE_IDENTIFIER = com.neotreks.AccuterraSampleAppTests;
				PRODUCT_NAME = "$(TARGET_NAME)";
				SWIFT_VERSION = 5.0;
				TARGETED_DEVICE_FAMILY = "1,2";
				TEST_HOST = "$(BUILT_PRODUCTS_DIR)/AccuterraSampleApp.app/AccuterraSampleApp";
			};
			name = Release;
		};
		D31C21DB244A6F1600B0E74E /* Debug */ = {
			isa = XCBuildConfiguration;
			buildSettings = {
				ALWAYS_EMBED_SWIFT_STANDARD_LIBRARIES = YES;
				CODE_SIGN_STYLE = Automatic;
				DEVELOPMENT_TEAM = PK2TWU892A;
				INFOPLIST_FILE = AccuterraSampleAppUITests/Info.plist;
				LD_RUNPATH_SEARCH_PATHS = (
					"$(inherited)",
					"@executable_path/Frameworks",
					"@loader_path/Frameworks",
				);
				PRODUCT_BUNDLE_IDENTIFIER = com.neotreks.AccuterraSampleAppUITests;
				PRODUCT_NAME = "$(TARGET_NAME)";
				SWIFT_VERSION = 5.0;
				TARGETED_DEVICE_FAMILY = "1,2";
				TEST_TARGET_NAME = AccuterraSampleApp;
			};
			name = Debug;
		};
		D31C21DC244A6F1600B0E74E /* Release */ = {
			isa = XCBuildConfiguration;
			buildSettings = {
				ALWAYS_EMBED_SWIFT_STANDARD_LIBRARIES = YES;
				CODE_SIGN_STYLE = Automatic;
				DEVELOPMENT_TEAM = PK2TWU892A;
				INFOPLIST_FILE = AccuterraSampleAppUITests/Info.plist;
				LD_RUNPATH_SEARCH_PATHS = (
					"$(inherited)",
					"@executable_path/Frameworks",
					"@loader_path/Frameworks",
				);
				PRODUCT_BUNDLE_IDENTIFIER = com.neotreks.AccuterraSampleAppUITests;
				PRODUCT_NAME = "$(TARGET_NAME)";
				SWIFT_VERSION = 5.0;
				TARGETED_DEVICE_FAMILY = "1,2";
				TEST_TARGET_NAME = AccuterraSampleApp;
			};
			name = Release;
		};
		D3B07E78244E65C000A39B51 /* Debug */ = {
			isa = XCBuildConfiguration;
			baseConfigurationReference = ABF01E2BBBA77A31CB28F3FD /* Pods-AccuterraSampleApp (Develop).debug.xcconfig */;
			buildSettings = {
				ASSETCATALOG_COMPILER_APPICON_NAME = AppIcon;
				CODE_SIGN_STYLE = Automatic;
				DEVELOPMENT_ASSET_PATHS = "\"AccuterraSampleApp/Preview Content\"";
				DEVELOPMENT_TEAM = PK2TWU892A;
				ENABLE_PREVIEWS = YES;
				INFOPLIST_FILE = AccuterraSampleApp/Info.plist;
				LD_RUNPATH_SEARCH_PATHS = (
					"$(inherited)",
					"@executable_path/Frameworks",
				);
				PRODUCT_BUNDLE_IDENTIFIER = com.neotreks.AccuterraSampleApp;
				PRODUCT_NAME = "AccuterraSampleApp(Develop)";
				SWIFT_VERSION = 5.0;
				TARGETED_DEVICE_FAMILY = "1,2";
			};
			name = Debug;
		};
		D3B07E79244E65C000A39B51 /* Release */ = {
			isa = XCBuildConfiguration;
			baseConfigurationReference = 0B56F48B925EBCA02216AA1B /* Pods-AccuterraSampleApp (Develop).release.xcconfig */;
			buildSettings = {
				ASSETCATALOG_COMPILER_APPICON_NAME = AppIcon;
				CODE_SIGN_STYLE = Automatic;
				DEVELOPMENT_ASSET_PATHS = "\"AccuterraSampleApp/Preview Content\"";
				DEVELOPMENT_TEAM = PK2TWU892A;
				ENABLE_PREVIEWS = YES;
				INFOPLIST_FILE = AccuterraSampleApp/Info.plist;
				LD_RUNPATH_SEARCH_PATHS = (
					"$(inherited)",
					"@executable_path/Frameworks",
				);
				PRODUCT_BUNDLE_IDENTIFIER = com.neotreks.AccuterraSampleApp;
				PRODUCT_NAME = "AccuterraSampleApp(Develop)";
				SWIFT_VERSION = 5.0;
				TARGETED_DEVICE_FAMILY = "1,2";
			};
			name = Release;
		};
/* End XCBuildConfiguration section */

/* Begin XCConfigurationList section */
		D31C21A5244A6F1400B0E74E /* Build configuration list for PBXProject "AccuterraSampleApp" */ = {
			isa = XCConfigurationList;
			buildConfigurations = (
				D31C21D2244A6F1600B0E74E /* Debug */,
				D31C21D3244A6F1600B0E74E /* Release */,
			);
			defaultConfigurationIsVisible = 0;
			defaultConfigurationName = Release;
		};
		D31C21D4244A6F1600B0E74E /* Build configuration list for PBXNativeTarget "AccuterraSampleApp" */ = {
			isa = XCConfigurationList;
			buildConfigurations = (
				D31C21D5244A6F1600B0E74E /* Debug */,
				D31C21D6244A6F1600B0E74E /* Release */,
			);
			defaultConfigurationIsVisible = 0;
			defaultConfigurationName = Release;
		};
		D31C21D7244A6F1600B0E74E /* Build configuration list for PBXNativeTarget "AccuterraSampleAppTests" */ = {
			isa = XCConfigurationList;
			buildConfigurations = (
				D31C21D8244A6F1600B0E74E /* Debug */,
				D31C21D9244A6F1600B0E74E /* Release */,
			);
			defaultConfigurationIsVisible = 0;
			defaultConfigurationName = Release;
		};
		D31C21DA244A6F1600B0E74E /* Build configuration list for PBXNativeTarget "AccuterraSampleAppUITests" */ = {
			isa = XCConfigurationList;
			buildConfigurations = (
				D31C21DB244A6F1600B0E74E /* Debug */,
				D31C21DC244A6F1600B0E74E /* Release */,
			);
			defaultConfigurationIsVisible = 0;
			defaultConfigurationName = Release;
		};
		D3B07E77244E65C000A39B51 /* Build configuration list for PBXNativeTarget "AccuterraSampleApp (Develop)" */ = {
			isa = XCConfigurationList;
			buildConfigurations = (
				D3B07E78244E65C000A39B51 /* Debug */,
				D3B07E79244E65C000A39B51 /* Release */,
			);
			defaultConfigurationIsVisible = 0;
			defaultConfigurationName = Release;
		};
/* End XCConfigurationList section */
	};
	rootObject = D31C21A2244A6F1400B0E74E /* Project object */;
}
