// !$*UTF8*$!
{
	archiveVersion = 1;
	classes = {
	};
	objectVersion = 51;
	objects = {

/* Begin PBXBuildFile section */
		556AF5D5A90C412330AE76A1 /* Pods_AccuterraSampleApp.framework in Frameworks */ = {isa = PBXBuildFile; fileRef = A7D33F1A18FF85DF042F48C5 /* Pods_AccuterraSampleApp.framework */; };
		75E45602494C233E5DD186ED /* Pods_AccuterraSampleApp.framework in Frameworks */ = {isa = PBXBuildFile; fileRef = A7D33F1A18FF85DF042F48C5 /* Pods_AccuterraSampleApp.framework */; };
		D31C2136244651DF00B0E74E /* CustomStylesViewController.swift in Sources */ = {isa = PBXBuildFile; fileRef = D31C2135244651DF00B0E74E /* CustomStylesViewController.swift */; };
		D31C213824479DC300B0E74E /* AccuTerraSatelliteStyleProvider.swift in Sources */ = {isa = PBXBuildFile; fileRef = D31C213724479DC300B0E74E /* AccuTerraSatelliteStyleProvider.swift */; };
		D3227CD624327D67001FDC30 /* Create_MapViewController.swift in Sources */ = {isa = PBXBuildFile; fileRef = D3227CD524327D67001FDC30 /* Create_MapViewController.swift */; };
		D3227CD824327D81001FDC30 /* Create_TrailsViewController.swift in Sources */ = {isa = PBXBuildFile; fileRef = D3227CD724327D81001FDC30 /* Create_TrailsViewController.swift */; };
		D3227CDA24327D93001FDC30 /* Create_DetailsViewController.swift in Sources */ = {isa = PBXBuildFile; fileRef = D3227CD924327D93001FDC30 /* Create_DetailsViewController.swift */; };
		D3227CDC24327DA0001FDC30 /* Create_POIsViewController.swift in Sources */ = {isa = PBXBuildFile; fileRef = D3227CDB24327DA0001FDC30 /* Create_POIsViewController.swift */; };
		D3227CDE24327DC0001FDC30 /* Controling_MapViewController.swift in Sources */ = {isa = PBXBuildFile; fileRef = D3227CDD24327DC0001FDC30 /* Controling_MapViewController.swift */; };
		D3227CE024327DDA001FDC30 /* Interacting_WithMapViewController.swift in Sources */ = {isa = PBXBuildFile; fileRef = D3227CDF24327DDA001FDC30 /* Interacting_WithMapViewController.swift */; };
		D3227CE42433D75A001FDC30 /* Interacting_WithMapViewController.swift in Sources */ = {isa = PBXBuildFile; fileRef = D3227CDF24327DDA001FDC30 /* Interacting_WithMapViewController.swift */; };
		D3227CE52433D75A001FDC30 /* EnumUtil.swift in Sources */ = {isa = PBXBuildFile; fileRef = D3C0F7BD242FE54B00BD397C /* EnumUtil.swift */; };
		D3227CE62433D75A001FDC30 /* FilterResultsTableViewCell.swift in Sources */ = {isa = PBXBuildFile; fileRef = D339755124316AA200B5A83D /* FilterResultsTableViewCell.swift */; };
		D3227CE72433D75A001FDC30 /* Create_POIsViewController.swift in Sources */ = {isa = PBXBuildFile; fileRef = D3227CDB24327DA0001FDC30 /* Create_POIsViewController.swift */; };
		D3227CE82433D75A001FDC30 /* TrailDetails.swift in Sources */ = {isa = PBXBuildFile; fileRef = D3AE5B1924199A8100B166E2 /* TrailDetails.swift */; };
		D3227CE92433D75A001FDC30 /* Create_MapViewController.swift in Sources */ = {isa = PBXBuildFile; fileRef = D3227CD524327D67001FDC30 /* Create_MapViewController.swift */; };
		D3227CEA2433D75A001FDC30 /* UIColor.swift in Sources */ = {isa = PBXBuildFile; fileRef = D3AE5C0A2426951000B166E2 /* UIColor.swift */; };
		D3227CEB2433D75A001FDC30 /* AppDelegate.swift in Sources */ = {isa = PBXBuildFile; fileRef = D3AE5ADC24196A3C00B166E2 /* AppDelegate.swift */; };
		D3227CEC2433D75A001FDC30 /* Filter-MapBoundsViewController.swift in Sources */ = {isa = PBXBuildFile; fileRef = D3AE5C042425B8F900B166E2 /* Filter-MapBoundsViewController.swift */; };
		D3227CED2433D75A001FDC30 /* DownloadViewController.swift in Sources */ = {isa = PBXBuildFile; fileRef = D3AE5B1424196E1800B166E2 /* DownloadViewController.swift */; };
		D3227CEE2433D75A001FDC30 /* HomeViewController.swift in Sources */ = {isa = PBXBuildFile; fileRef = D3AE5BF4242572C300B166E2 /* HomeViewController.swift */; };
		D3227CEF2433D75A001FDC30 /* Create_DetailsViewController.swift in Sources */ = {isa = PBXBuildFile; fileRef = D3227CD924327D93001FDC30 /* Create_DetailsViewController.swift */; };
		D3227CF02433D75A001FDC30 /* Filter-MapViewController.swift in Sources */ = {isa = PBXBuildFile; fileRef = D3AE5C1024271B6E00B166E2 /* Filter-MapViewController.swift */; };
		D3227CF12433D75A001FDC30 /* Create_TrailsViewController.swift in Sources */ = {isa = PBXBuildFile; fileRef = D3227CD724327D81001FDC30 /* Create_TrailsViewController.swift */; };
		D3227CF22433D75A001FDC30 /* TrailsFilter.swift in Sources */ = {isa = PBXBuildFile; fileRef = D3AE5C0E242697D000B166E2 /* TrailsFilter.swift */; };
		D3227CF32433D75A001FDC30 /* FilterCriteriaTableViewCell.swift in Sources */ = {isa = PBXBuildFile; fileRef = D3C0F7BB242E778F00BD397C /* FilterCriteriaTableViewCell.swift */; };
		D3227CF42433D75A001FDC30 /* Filter-CriteriaViewController.swift in Sources */ = {isa = PBXBuildFile; fileRef = D3C0F7B9242E6D6000BD397C /* Filter-CriteriaViewController.swift */; };
		D3227CF52433D75A001FDC30 /* Term-to-ListViewController.swift in Sources */ = {isa = PBXBuildFile; fileRef = D3AE5BF6242574DD00B166E2 /* Term-to-ListViewController.swift */; };
		D3227CF62433D75A001FDC30 /* SceneDelegate.swift in Sources */ = {isa = PBXBuildFile; fileRef = D3AE5ADE24196A3C00B166E2 /* SceneDelegate.swift */; };
		D3227CF72433D75A001FDC30 /* Map-to-ListViewController.swift in Sources */ = {isa = PBXBuildFile; fileRef = D3AE5BFA2425753C00B166E2 /* Map-to-ListViewController.swift */; };
		D3227CF82433D75A001FDC30 /* List-to-MapViewController.swift in Sources */ = {isa = PBXBuildFile; fileRef = D3AE5BFC2425756800B166E2 /* List-to-MapViewController.swift */; };
		D3227CF92433D75A001FDC30 /* BaseViewController.swift in Sources */ = {isa = PBXBuildFile; fileRef = D3AE5C0C2426959400B166E2 /* BaseViewController.swift */; };
		D3227CFA2433D75A001FDC30 /* Synchronize.swift in Sources */ = {isa = PBXBuildFile; fileRef = D3C0F7BF242FE5EE00BD397C /* Synchronize.swift */; };
		D3227CFB2433D75A001FDC30 /* Controling_MapViewController.swift in Sources */ = {isa = PBXBuildFile; fileRef = D3227CDD24327DC0001FDC30 /* Controling_MapViewController.swift */; };
		D3227CFC2433D75A001FDC30 /* Term-to-MapViewController.swift in Sources */ = {isa = PBXBuildFile; fileRef = D3AE5BF82425750D00B166E2 /* Term-to-MapViewController.swift */; };
		D3227CFD2433D75A001FDC30 /* UIImage.swift in Sources */ = {isa = PBXBuildFile; fileRef = D3AE5C082426937E00B166E2 /* UIImage.swift */; };
		D3227CFE2433D75A001FDC30 /* TrailListViewController.swift in Sources */ = {isa = PBXBuildFile; fileRef = D38165CA242ABFC600F4F3D7 /* TrailListViewController.swift */; };
		D3227D022433D75A001FDC30 /* LaunchScreen.storyboard in Resources */ = {isa = PBXBuildFile; fileRef = D3AE5AE724196A3F00B166E2 /* LaunchScreen.storyboard */; };
		D3227D032433D75A001FDC30 /* Assets.xcassets in Resources */ = {isa = PBXBuildFile; fileRef = D3AE5AE524196A3F00B166E2 /* Assets.xcassets */; };
		D3227D042433D75A001FDC30 /* Main.storyboard in Resources */ = {isa = PBXBuildFile; fileRef = D3AE5AE224196A3C00B166E2 /* Main.storyboard */; };
		D339755224316AA200B5A83D /* FilterResultsTableViewCell.swift in Sources */ = {isa = PBXBuildFile; fileRef = D339755124316AA200B5A83D /* FilterResultsTableViewCell.swift */; };
		D38165CB242ABFC600F4F3D7 /* TrailListViewController.swift in Sources */ = {isa = PBXBuildFile; fileRef = D38165CA242ABFC600F4F3D7 /* TrailListViewController.swift */; };
		D3940EB924342FF60068C703 /* TrailDetailsViewController.swift in Sources */ = {isa = PBXBuildFile; fileRef = D3940EB824342FF60068C703 /* TrailDetailsViewController.swift */; };
		D3940EBA243430440068C703 /* TrailDetailsViewController.swift in Sources */ = {isa = PBXBuildFile; fileRef = D3940EB824342FF60068C703 /* TrailDetailsViewController.swift */; };
		D3AE5ADD24196A3C00B166E2 /* AppDelegate.swift in Sources */ = {isa = PBXBuildFile; fileRef = D3AE5ADC24196A3C00B166E2 /* AppDelegate.swift */; };
		D3AE5ADF24196A3C00B166E2 /* SceneDelegate.swift in Sources */ = {isa = PBXBuildFile; fileRef = D3AE5ADE24196A3C00B166E2 /* SceneDelegate.swift */; };
		D3AE5AE424196A3C00B166E2 /* Main.storyboard in Resources */ = {isa = PBXBuildFile; fileRef = D3AE5AE224196A3C00B166E2 /* Main.storyboard */; };
		D3AE5AE624196A3F00B166E2 /* Assets.xcassets in Resources */ = {isa = PBXBuildFile; fileRef = D3AE5AE524196A3F00B166E2 /* Assets.xcassets */; };
		D3AE5AE924196A3F00B166E2 /* LaunchScreen.storyboard in Resources */ = {isa = PBXBuildFile; fileRef = D3AE5AE724196A3F00B166E2 /* LaunchScreen.storyboard */; };
		D3AE5AF424196A3F00B166E2 /* AccuterraSampleAppTests.swift in Sources */ = {isa = PBXBuildFile; fileRef = D3AE5AF324196A3F00B166E2 /* AccuterraSampleAppTests.swift */; };
		D3AE5AFF24196A3F00B166E2 /* AccuterraSampleAppUITests.swift in Sources */ = {isa = PBXBuildFile; fileRef = D3AE5AFE24196A3F00B166E2 /* AccuterraSampleAppUITests.swift */; };
		D3AE5B1524196E1800B166E2 /* DownloadViewController.swift in Sources */ = {isa = PBXBuildFile; fileRef = D3AE5B1424196E1800B166E2 /* DownloadViewController.swift */; };
		D3AE5B1A24199A8100B166E2 /* TrailDetails.swift in Sources */ = {isa = PBXBuildFile; fileRef = D3AE5B1924199A8100B166E2 /* TrailDetails.swift */; };
		D3AE5BF5242572C300B166E2 /* HomeViewController.swift in Sources */ = {isa = PBXBuildFile; fileRef = D3AE5BF4242572C300B166E2 /* HomeViewController.swift */; };
		D3AE5BF7242574DD00B166E2 /* Term-to-ListViewController.swift in Sources */ = {isa = PBXBuildFile; fileRef = D3AE5BF6242574DD00B166E2 /* Term-to-ListViewController.swift */; };
		D3AE5BF92425750D00B166E2 /* Term-to-MapViewController.swift in Sources */ = {isa = PBXBuildFile; fileRef = D3AE5BF82425750D00B166E2 /* Term-to-MapViewController.swift */; };
		D3AE5BFB2425753C00B166E2 /* Map-to-ListViewController.swift in Sources */ = {isa = PBXBuildFile; fileRef = D3AE5BFA2425753C00B166E2 /* Map-to-ListViewController.swift */; };
		D3AE5BFD2425756800B166E2 /* List-to-MapViewController.swift in Sources */ = {isa = PBXBuildFile; fileRef = D3AE5BFC2425756800B166E2 /* List-to-MapViewController.swift */; };
		D3AE5C052425B8F900B166E2 /* Filter-MapBoundsViewController.swift in Sources */ = {isa = PBXBuildFile; fileRef = D3AE5C042425B8F900B166E2 /* Filter-MapBoundsViewController.swift */; };
		D3AE5C092426937F00B166E2 /* UIImage.swift in Sources */ = {isa = PBXBuildFile; fileRef = D3AE5C082426937E00B166E2 /* UIImage.swift */; };
		D3AE5C0B2426951000B166E2 /* UIColor.swift in Sources */ = {isa = PBXBuildFile; fileRef = D3AE5C0A2426951000B166E2 /* UIColor.swift */; };
		D3AE5C0D2426959400B166E2 /* BaseViewController.swift in Sources */ = {isa = PBXBuildFile; fileRef = D3AE5C0C2426959400B166E2 /* BaseViewController.swift */; };
		D3AE5C0F242697D000B166E2 /* TrailsFilter.swift in Sources */ = {isa = PBXBuildFile; fileRef = D3AE5C0E242697D000B166E2 /* TrailsFilter.swift */; };
		D3AE5C1124271B6E00B166E2 /* Filter-MapViewController.swift in Sources */ = {isa = PBXBuildFile; fileRef = D3AE5C1024271B6E00B166E2 /* Filter-MapViewController.swift */; };
		D3B07E8E244F925D00A39B51 /* HomeContainerView.swift in Sources */ = {isa = PBXBuildFile; fileRef = D3B07E8D244F925D00A39B51 /* HomeContainerView.swift */; };
		D3C0F7BA242E6D6000BD397C /* Filter-CriteriaViewController.swift in Sources */ = {isa = PBXBuildFile; fileRef = D3C0F7B9242E6D6000BD397C /* Filter-CriteriaViewController.swift */; };
		D3C0F7BC242E778F00BD397C /* FilterCriteriaTableViewCell.swift in Sources */ = {isa = PBXBuildFile; fileRef = D3C0F7BB242E778F00BD397C /* FilterCriteriaTableViewCell.swift */; };
		D3C0F7BE242FE54C00BD397C /* EnumUtil.swift in Sources */ = {isa = PBXBuildFile; fileRef = D3C0F7BD242FE54B00BD397C /* EnumUtil.swift */; };
		D3C0F7C0242FE5EE00BD397C /* Synchronize.swift in Sources */ = {isa = PBXBuildFile; fileRef = D3C0F7BF242FE5EE00BD397C /* Synchronize.swift */; };
/* End PBXBuildFile section */

/* Begin PBXContainerItemProxy section */
		D3AE5AF024196A3F00B166E2 /* PBXContainerItemProxy */ = {
			isa = PBXContainerItemProxy;
			containerPortal = D3AE5AD124196A3C00B166E2 /* Project object */;
			proxyType = 1;
			remoteGlobalIDString = D3AE5AD824196A3C00B166E2;
			remoteInfo = AccuterraSampleApp;
		};
		D3AE5AFB24196A3F00B166E2 /* PBXContainerItemProxy */ = {
			isa = PBXContainerItemProxy;
			containerPortal = D3AE5AD124196A3C00B166E2 /* Project object */;
			proxyType = 1;
			remoteGlobalIDString = D3AE5AD824196A3C00B166E2;
			remoteInfo = AccuterraSampleApp;
		};
/* End PBXContainerItemProxy section */

/* Begin PBXFileReference section */
		A46A225A873A225E835BE3F7 /* Pods-AccuterraSampleApp.release.xcconfig */ = {isa = PBXFileReference; includeInIndex = 1; lastKnownFileType = text.xcconfig; name = "Pods-AccuterraSampleApp.release.xcconfig"; path = "Target Support Files/Pods-AccuterraSampleApp/Pods-AccuterraSampleApp.release.xcconfig"; sourceTree = "<group>"; };
		A7D33F1A18FF85DF042F48C5 /* Pods_AccuterraSampleApp.framework */ = {isa = PBXFileReference; explicitFileType = wrapper.framework; includeInIndex = 0; path = Pods_AccuterraSampleApp.framework; sourceTree = BUILT_PRODUCTS_DIR; };
		AC835A43379611151A720D01 /* Pods-AccuterraSampleApp.debug.xcconfig */ = {isa = PBXFileReference; includeInIndex = 1; lastKnownFileType = text.xcconfig; name = "Pods-AccuterraSampleApp.debug.xcconfig"; path = "Target Support Files/Pods-AccuterraSampleApp/Pods-AccuterraSampleApp.debug.xcconfig"; sourceTree = "<group>"; };
		D31C2135244651DF00B0E74E /* CustomStylesViewController.swift */ = {isa = PBXFileReference; lastKnownFileType = sourcecode.swift; name = CustomStylesViewController.swift; path = "AccuterraSampleApp/View Controllers/CustomStylesViewController.swift"; sourceTree = SOURCE_ROOT; };
		D31C213724479DC300B0E74E /* AccuTerraSatelliteStyleProvider.swift */ = {isa = PBXFileReference; lastKnownFileType = sourcecode.swift; path = AccuTerraSatelliteStyleProvider.swift; sourceTree = "<group>"; };
		D3227CD524327D67001FDC30 /* Create_MapViewController.swift */ = {isa = PBXFileReference; lastKnownFileType = sourcecode.swift; path = Create_MapViewController.swift; sourceTree = "<group>"; };
		D3227CD724327D81001FDC30 /* Create_TrailsViewController.swift */ = {isa = PBXFileReference; lastKnownFileType = sourcecode.swift; path = Create_TrailsViewController.swift; sourceTree = "<group>"; };
		D3227CD924327D93001FDC30 /* Create_DetailsViewController.swift */ = {isa = PBXFileReference; lastKnownFileType = sourcecode.swift; path = Create_DetailsViewController.swift; sourceTree = "<group>"; };
		D3227CDB24327DA0001FDC30 /* Create_POIsViewController.swift */ = {isa = PBXFileReference; lastKnownFileType = sourcecode.swift; path = Create_POIsViewController.swift; sourceTree = "<group>"; };
		D3227CDD24327DC0001FDC30 /* Controling_MapViewController.swift */ = {isa = PBXFileReference; lastKnownFileType = sourcecode.swift; name = Controling_MapViewController.swift; path = "AccuterraSampleApp/View Controllers/Creating/Controling_MapViewController.swift"; sourceTree = SOURCE_ROOT; };
		D3227CDF24327DDA001FDC30 /* Interacting_WithMapViewController.swift */ = {isa = PBXFileReference; lastKnownFileType = sourcecode.swift; path = Interacting_WithMapViewController.swift; sourceTree = "<group>"; };
		D3227D0C2433D75A001FDC30 /* AccuterraSampleApp (Develop).app */ = {isa = PBXFileReference; explicitFileType = wrapper.application; includeInIndex = 0; path = "AccuterraSampleApp (Develop).app"; sourceTree = BUILT_PRODUCTS_DIR; };
		D3227D0D2433D75B001FDC30 /* AccuterraSampleApp copy-Info.plist */ = {isa = PBXFileReference; lastKnownFileType = text.plist.xml; name = "AccuterraSampleApp copy-Info.plist"; path = "/Users/brian/Projects/Ford/iOS/documentation-stage/github-repo/accuterra-ios-samples/0.3/UIKit/AccuterraSampleApp copy-Info.plist"; sourceTree = "<absolute>"; };
		D339755124316AA200B5A83D /* FilterResultsTableViewCell.swift */ = {isa = PBXFileReference; lastKnownFileType = sourcecode.swift; path = FilterResultsTableViewCell.swift; sourceTree = "<group>"; };
		D38165CA242ABFC600F4F3D7 /* TrailListViewController.swift */ = {isa = PBXFileReference; lastKnownFileType = sourcecode.swift; name = TrailListViewController.swift; path = AccuterraSampleApp/Resources/TrailListViewController.swift; sourceTree = SOURCE_ROOT; };
		D3940EB824342FF60068C703 /* TrailDetailsViewController.swift */ = {isa = PBXFileReference; lastKnownFileType = sourcecode.swift; path = TrailDetailsViewController.swift; sourceTree = SOURCE_ROOT; };
		D3AE5AD924196A3C00B166E2 /* AccuterraSampleApp.app */ = {isa = PBXFileReference; explicitFileType = wrapper.application; includeInIndex = 0; path = AccuterraSampleApp.app; sourceTree = BUILT_PRODUCTS_DIR; };
		D3AE5ADC24196A3C00B166E2 /* AppDelegate.swift */ = {isa = PBXFileReference; lastKnownFileType = sourcecode.swift; path = AppDelegate.swift; sourceTree = "<group>"; };
		D3AE5ADE24196A3C00B166E2 /* SceneDelegate.swift */ = {isa = PBXFileReference; lastKnownFileType = sourcecode.swift; path = SceneDelegate.swift; sourceTree = "<group>"; };
		D3AE5AE324196A3C00B166E2 /* Base */ = {isa = PBXFileReference; lastKnownFileType = file.storyboard; name = Base; path = Base.lproj/Main.storyboard; sourceTree = "<group>"; };
		D3AE5AE524196A3F00B166E2 /* Assets.xcassets */ = {isa = PBXFileReference; lastKnownFileType = folder.assetcatalog; path = Assets.xcassets; sourceTree = "<group>"; };
		D3AE5AE824196A3F00B166E2 /* Base */ = {isa = PBXFileReference; lastKnownFileType = file.storyboard; name = Base; path = Base.lproj/LaunchScreen.storyboard; sourceTree = "<group>"; };
		D3AE5AEA24196A3F00B166E2 /* Info.plist */ = {isa = PBXFileReference; lastKnownFileType = text.plist.xml; path = Info.plist; sourceTree = "<group>"; };
		D3AE5AEF24196A3F00B166E2 /* AccuterraSampleAppTests.xctest */ = {isa = PBXFileReference; explicitFileType = wrapper.cfbundle; includeInIndex = 0; path = AccuterraSampleAppTests.xctest; sourceTree = BUILT_PRODUCTS_DIR; };
		D3AE5AF324196A3F00B166E2 /* AccuterraSampleAppTests.swift */ = {isa = PBXFileReference; lastKnownFileType = sourcecode.swift; path = AccuterraSampleAppTests.swift; sourceTree = "<group>"; };
		D3AE5AF524196A3F00B166E2 /* Info.plist */ = {isa = PBXFileReference; lastKnownFileType = text.plist.xml; path = Info.plist; sourceTree = "<group>"; };
		D3AE5AFA24196A3F00B166E2 /* AccuterraSampleAppUITests.xctest */ = {isa = PBXFileReference; explicitFileType = wrapper.cfbundle; includeInIndex = 0; path = AccuterraSampleAppUITests.xctest; sourceTree = BUILT_PRODUCTS_DIR; };
		D3AE5AFE24196A3F00B166E2 /* AccuterraSampleAppUITests.swift */ = {isa = PBXFileReference; lastKnownFileType = sourcecode.swift; path = AccuterraSampleAppUITests.swift; sourceTree = "<group>"; };
		D3AE5B0024196A3F00B166E2 /* Info.plist */ = {isa = PBXFileReference; lastKnownFileType = text.plist.xml; path = Info.plist; sourceTree = "<group>"; };
		D3AE5B0C24196A8300B166E2 /* Podfile */ = {isa = PBXFileReference; lastKnownFileType = text; path = Podfile; sourceTree = "<group>"; xcLanguageSpecificationIdentifier = xcode.lang.ruby; };
		D3AE5B1424196E1800B166E2 /* DownloadViewController.swift */ = {isa = PBXFileReference; lastKnownFileType = sourcecode.swift; path = DownloadViewController.swift; sourceTree = "<group>"; };
		D3AE5B1924199A8100B166E2 /* TrailDetails.swift */ = {isa = PBXFileReference; lastKnownFileType = sourcecode.swift; path = TrailDetails.swift; sourceTree = "<group>"; };
		D3AE5BF4242572C300B166E2 /* HomeViewController.swift */ = {isa = PBXFileReference; lastKnownFileType = sourcecode.swift; path = HomeViewController.swift; sourceTree = "<group>"; };
		D3AE5BF6242574DD00B166E2 /* Term-to-ListViewController.swift */ = {isa = PBXFileReference; lastKnownFileType = sourcecode.swift; path = "Term-to-ListViewController.swift"; sourceTree = "<group>"; };
		D3AE5BF82425750D00B166E2 /* Term-to-MapViewController.swift */ = {isa = PBXFileReference; lastKnownFileType = sourcecode.swift; path = "Term-to-MapViewController.swift"; sourceTree = "<group>"; };
		D3AE5BFA2425753C00B166E2 /* Map-to-ListViewController.swift */ = {isa = PBXFileReference; lastKnownFileType = sourcecode.swift; path = "Map-to-ListViewController.swift"; sourceTree = "<group>"; };
		D3AE5BFC2425756800B166E2 /* List-to-MapViewController.swift */ = {isa = PBXFileReference; lastKnownFileType = sourcecode.swift; path = "List-to-MapViewController.swift"; sourceTree = "<group>"; };
		D3AE5C042425B8F900B166E2 /* Filter-MapBoundsViewController.swift */ = {isa = PBXFileReference; lastKnownFileType = sourcecode.swift; path = "Filter-MapBoundsViewController.swift"; sourceTree = "<group>"; };
		D3AE5C082426937E00B166E2 /* UIImage.swift */ = {isa = PBXFileReference; lastKnownFileType = sourcecode.swift; name = UIImage.swift; path = AccuterraSampleApp/Resources/UIImage.swift; sourceTree = SOURCE_ROOT; };
		D3AE5C0A2426951000B166E2 /* UIColor.swift */ = {isa = PBXFileReference; lastKnownFileType = sourcecode.swift; name = UIColor.swift; path = "AccuterraSampleApp/View Controllers/Searching/UIColor.swift"; sourceTree = SOURCE_ROOT; };
		D3AE5C0C2426959400B166E2 /* BaseViewController.swift */ = {isa = PBXFileReference; lastKnownFileType = sourcecode.swift; name = BaseViewController.swift; path = Searching/BaseViewController.swift; sourceTree = "<group>"; };
		D3AE5C0E242697D000B166E2 /* TrailsFilter.swift */ = {isa = PBXFileReference; lastKnownFileType = sourcecode.swift; name = TrailsFilter.swift; path = "AccuterraSampleApp/View Controllers/Searching/TrailsFilter.swift"; sourceTree = SOURCE_ROOT; };
		D3AE5C1024271B6E00B166E2 /* Filter-MapViewController.swift */ = {isa = PBXFileReference; fileEncoding = 4; lastKnownFileType = sourcecode.swift; path = "Filter-MapViewController.swift"; sourceTree = "<group>"; };
		D3B07E8D244F925D00A39B51 /* HomeContainerView.swift */ = {isa = PBXFileReference; lastKnownFileType = sourcecode.swift; path = HomeContainerView.swift; sourceTree = "<group>"; };
		D3C0F7B9242E6D6000BD397C /* Filter-CriteriaViewController.swift */ = {isa = PBXFileReference; lastKnownFileType = sourcecode.swift; path = "Filter-CriteriaViewController.swift"; sourceTree = "<group>"; };
		D3C0F7BB242E778F00BD397C /* FilterCriteriaTableViewCell.swift */ = {isa = PBXFileReference; lastKnownFileType = sourcecode.swift; name = FilterCriteriaTableViewCell.swift; path = AccuterraSampleApp/Resources/FilterCriteriaTableViewCell.swift; sourceTree = SOURCE_ROOT; };
		D3C0F7BD242FE54B00BD397C /* EnumUtil.swift */ = {isa = PBXFileReference; lastKnownFileType = sourcecode.swift; path = EnumUtil.swift; sourceTree = "<group>"; };
		D3C0F7BF242FE5EE00BD397C /* Synchronize.swift */ = {isa = PBXFileReference; lastKnownFileType = sourcecode.swift; path = Synchronize.swift; sourceTree = "<group>"; };
/* End PBXFileReference section */

/* Begin PBXFrameworksBuildPhase section */
		D3227CFF2433D75A001FDC30 /* Frameworks */ = {
			isa = PBXFrameworksBuildPhase;
			buildActionMask = 2147483647;
			files = (
			);
			runOnlyForDeploymentPostprocessing = 0;
		};
		D3AE5AD624196A3C00B166E2 /* Frameworks */ = {
			isa = PBXFrameworksBuildPhase;
			buildActionMask = 2147483647;
			files = (
				75E45602494C233E5DD186ED /* Pods_AccuterraSampleApp.framework in Frameworks */,
				556AF5D5A90C412330AE76A1 /* Pods_AccuterraSampleApp.framework in Frameworks */,
			);
			runOnlyForDeploymentPostprocessing = 0;
		};
		D3AE5AEC24196A3F00B166E2 /* Frameworks */ = {
			isa = PBXFrameworksBuildPhase;
			buildActionMask = 2147483647;
			files = (
			);
			runOnlyForDeploymentPostprocessing = 0;
		};
		D3AE5AF724196A3F00B166E2 /* Frameworks */ = {
			isa = PBXFrameworksBuildPhase;
			buildActionMask = 2147483647;
			files = (
			);
			runOnlyForDeploymentPostprocessing = 0;
		};
/* End PBXFrameworksBuildPhase section */

/* Begin PBXGroup section */
		B6ED8B9349DBA69F481648D2 /* Pods */ = {
			isa = PBXGroup;
			children = (
				AC835A43379611151A720D01 /* Pods-AccuterraSampleApp.debug.xcconfig */,
				A46A225A873A225E835BE3F7 /* Pods-AccuterraSampleApp.release.xcconfig */,
			);
			path = Pods;
			sourceTree = "<group>";
		};
		D3227CD324327CB9001FDC30 /* Creating */ = {
			isa = PBXGroup;
			children = (
				D31C2135244651DF00B0E74E /* CustomStylesViewController.swift */,
				D3227CD524327D67001FDC30 /* Create_MapViewController.swift */,
				D3227CD724327D81001FDC30 /* Create_TrailsViewController.swift */,
				D3227CD924327D93001FDC30 /* Create_DetailsViewController.swift */,
				D3227CDB24327DA0001FDC30 /* Create_POIsViewController.swift */,
				D3940EB824342FF60068C703 /* TrailDetailsViewController.swift */,
			);
			path = Creating;
			sourceTree = "<group>";
		};
		D3227CD424327CC4001FDC30 /* Controlling */ = {
			isa = PBXGroup;
			children = (
				D3227CDD24327DC0001FDC30 /* Controling_MapViewController.swift */,
				D3227CDF24327DDA001FDC30 /* Interacting_WithMapViewController.swift */,
			);
			path = Controlling;
			sourceTree = "<group>";
		};
		D3AE5AD024196A3C00B166E2 = {
			isa = PBXGroup;
			children = (
				D3AE5B0D24196B4800B166E2 /* Frameworks */,
				D3AE5B0C24196A8300B166E2 /* Podfile */,
				D3AE5ADB24196A3C00B166E2 /* AccuterraSampleApp */,
				D3AE5AF224196A3F00B166E2 /* AccuterraSampleAppTests */,
				D3AE5AFD24196A3F00B166E2 /* AccuterraSampleAppUITests */,
				D3AE5ADA24196A3C00B166E2 /* Products */,
				B6ED8B9349DBA69F481648D2 /* Pods */,
				D3227D0D2433D75B001FDC30 /* AccuterraSampleApp copy-Info.plist */,
			);
			sourceTree = "<group>";
		};
		D3AE5ADA24196A3C00B166E2 /* Products */ = {
			isa = PBXGroup;
			children = (
				D3AE5AD924196A3C00B166E2 /* AccuterraSampleApp.app */,
				D3AE5AEF24196A3F00B166E2 /* AccuterraSampleAppTests.xctest */,
				D3AE5AFA24196A3F00B166E2 /* AccuterraSampleAppUITests.xctest */,
				D3227D0C2433D75A001FDC30 /* AccuterraSampleApp (Develop).app */,
			);
			name = Products;
			sourceTree = "<group>";
		};
		D3AE5ADB24196A3C00B166E2 /* AccuterraSampleApp */ = {
			isa = PBXGroup;
			children = (
				D3AE5C0124257B9A00B166E2 /* Classes */,
				D3AE5C0024257B6B00B166E2 /* Resources */,
				D3AE5BFF24257B2D00B166E2 /* View Controllers */,
				D3AE5AEA24196A3F00B166E2 /* Info.plist */,
			);
			path = AccuterraSampleApp;
			sourceTree = "<group>";
		};
		D3AE5AF224196A3F00B166E2 /* AccuterraSampleAppTests */ = {
			isa = PBXGroup;
			children = (
				D3AE5AF324196A3F00B166E2 /* AccuterraSampleAppTests.swift */,
				D3AE5AF524196A3F00B166E2 /* Info.plist */,
			);
			path = AccuterraSampleAppTests;
			sourceTree = "<group>";
		};
		D3AE5AFD24196A3F00B166E2 /* AccuterraSampleAppUITests */ = {
			isa = PBXGroup;
			children = (
				D3AE5AFE24196A3F00B166E2 /* AccuterraSampleAppUITests.swift */,
				D3AE5B0024196A3F00B166E2 /* Info.plist */,
			);
			path = AccuterraSampleAppUITests;
			sourceTree = "<group>";
		};
		D3AE5B0D24196B4800B166E2 /* Frameworks */ = {
			isa = PBXGroup;
			children = (
				A7D33F1A18FF85DF042F48C5 /* Pods_AccuterraSampleApp.framework */,
			);
			name = Frameworks;
			sourceTree = "<group>";
		};
		D3AE5BF32425724D00B166E2 /* Searching */ = {
			isa = PBXGroup;
			children = (
				D38165CA242ABFC600F4F3D7 /* TrailListViewController.swift */,
				D3AE5BFC2425756800B166E2 /* List-to-MapViewController.swift */,
				D3AE5BFA2425753C00B166E2 /* Map-to-ListViewController.swift */,
				D3AE5BF82425750D00B166E2 /* Term-to-MapViewController.swift */,
				D3AE5BF6242574DD00B166E2 /* Term-to-ListViewController.swift */,
			);
			path = Searching;
			sourceTree = "<group>";
		};
		D3AE5BFE24257B1500B166E2 /* Filtering */ = {
			isa = PBXGroup;
			children = (
				D3C0F7B9242E6D6000BD397C /* Filter-CriteriaViewController.swift */,
				D3AE5C1024271B6E00B166E2 /* Filter-MapViewController.swift */,
				D3AE5C042425B8F900B166E2 /* Filter-MapBoundsViewController.swift */,
			);
			path = Filtering;
			sourceTree = "<group>";
		};
		D3AE5BFF24257B2D00B166E2 /* View Controllers */ = {
			isa = PBXGroup;
			children = (
				D3AE5C0C2426959400B166E2 /* BaseViewController.swift */,
				D3AE5B1424196E1800B166E2 /* DownloadViewController.swift */,
				D3AE5BF4242572C300B166E2 /* HomeViewController.swift */,
				D3B07E8D244F925D00A39B51 /* HomeContainerView.swift */,
				D3227CD324327CB9001FDC30 /* Creating */,
				D3227CD424327CC4001FDC30 /* Controlling */,
				D3AE5BFE24257B1500B166E2 /* Filtering */,
				D3AE5BF32425724D00B166E2 /* Searching */,
			);
			path = "View Controllers";
			sourceTree = "<group>";
		};
		D3AE5C0024257B6B00B166E2 /* Resources */ = {
			isa = PBXGroup;
			children = (
				D3AE5AE724196A3F00B166E2 /* LaunchScreen.storyboard */,
				D3AE5AE524196A3F00B166E2 /* Assets.xcassets */,
				D3AE5ADC24196A3C00B166E2 /* AppDelegate.swift */,
				D3AE5ADE24196A3C00B166E2 /* SceneDelegate.swift */,
				D3AE5AE224196A3C00B166E2 /* Main.storyboard */,
			);
			path = Resources;
			sourceTree = "<group>";
		};
		D3AE5C0124257B9A00B166E2 /* Classes */ = {
			isa = PBXGroup;
			children = (
				D3C0F7BD242FE54B00BD397C /* EnumUtil.swift */,
				D3C0F7BB242E778F00BD397C /* FilterCriteriaTableViewCell.swift */,
				D339755124316AA200B5A83D /* FilterResultsTableViewCell.swift */,
				D3AE5B1924199A8100B166E2 /* TrailDetails.swift */,
				D3AE5C0E242697D000B166E2 /* TrailsFilter.swift */,
				D3AE5C0A2426951000B166E2 /* UIColor.swift */,
				D3AE5C082426937E00B166E2 /* UIImage.swift */,
				D3C0F7BF242FE5EE00BD397C /* Synchronize.swift */,
				D31C213724479DC300B0E74E /* AccuTerraSatelliteStyleProvider.swift */,
			);
			path = Classes;
			sourceTree = "<group>";
		};
/* End PBXGroup section */

/* Begin PBXNativeTarget section */
		D3227CE12433D75A001FDC30 /* AccuterraSampleApp (Develop) */ = {
			isa = PBXNativeTarget;
			buildConfigurationList = D3227D092433D75A001FDC30 /* Build configuration list for PBXNativeTarget "AccuterraSampleApp (Develop)" */;
			buildPhases = (
				D3227CE32433D75A001FDC30 /* Sources */,
				D3227CFF2433D75A001FDC30 /* Frameworks */,
				D3227D012433D75A001FDC30 /* Resources */,
				D3227D062433D75A001FDC30 /* Insert AccuTerra Access Tokens */,
				D3227D082433D75A001FDC30 /* Insert Mapbox Access Token */,
			);
			buildRules = (
			);
			dependencies = (
			);
			name = "AccuterraSampleApp (Develop)";
			productName = AccuterraSampleApp;
			productReference = D3227D0C2433D75A001FDC30 /* AccuterraSampleApp (Develop).app */;
			productType = "com.apple.product-type.application";
		};
		D3AE5AD824196A3C00B166E2 /* AccuterraSampleApp */ = {
			isa = PBXNativeTarget;
			buildConfigurationList = D3AE5B0324196A3F00B166E2 /* Build configuration list for PBXNativeTarget "AccuterraSampleApp" */;
			buildPhases = (
				65E8C6F1DED630EEA62C3C63 /* [CP] Check Pods Manifest.lock */,
				D3AE5AD524196A3C00B166E2 /* Sources */,
				D3AE5AD624196A3C00B166E2 /* Frameworks */,
				D3AE5AD724196A3C00B166E2 /* Resources */,
				79543595038E4E0C38EA026B /* [CP] Embed Pods Frameworks */,
				D3AE5B162419759D00B166E2 /* Insert AccuTerra Access Tokens */,
				7D1C90B67EA6D1698A0E0FD2 /* [CP] Copy Pods Resources */,
				D38165C9242AB53C00F4F3D7 /* Insert Mapbox Access Token */,
			);
			buildRules = (
			);
			dependencies = (
			);
			name = AccuterraSampleApp;
			productName = AccuterraSampleApp;
			productReference = D3AE5AD924196A3C00B166E2 /* AccuterraSampleApp.app */;
			productType = "com.apple.product-type.application";
		};
		D3AE5AEE24196A3F00B166E2 /* AccuterraSampleAppTests */ = {
			isa = PBXNativeTarget;
			buildConfigurationList = D3AE5B0624196A3F00B166E2 /* Build configuration list for PBXNativeTarget "AccuterraSampleAppTests" */;
			buildPhases = (
				D3AE5AEB24196A3F00B166E2 /* Sources */,
				D3AE5AEC24196A3F00B166E2 /* Frameworks */,
				D3AE5AED24196A3F00B166E2 /* Resources */,
			);
			buildRules = (
			);
			dependencies = (
				D3AE5AF124196A3F00B166E2 /* PBXTargetDependency */,
			);
			name = AccuterraSampleAppTests;
			productName = AccuterraSampleAppTests;
			productReference = D3AE5AEF24196A3F00B166E2 /* AccuterraSampleAppTests.xctest */;
			productType = "com.apple.product-type.bundle.unit-test";
		};
		D3AE5AF924196A3F00B166E2 /* AccuterraSampleAppUITests */ = {
			isa = PBXNativeTarget;
			buildConfigurationList = D3AE5B0924196A3F00B166E2 /* Build configuration list for PBXNativeTarget "AccuterraSampleAppUITests" */;
			buildPhases = (
				D3AE5AF624196A3F00B166E2 /* Sources */,
				D3AE5AF724196A3F00B166E2 /* Frameworks */,
				D3AE5AF824196A3F00B166E2 /* Resources */,
			);
			buildRules = (
			);
			dependencies = (
				D3AE5AFC24196A3F00B166E2 /* PBXTargetDependency */,
			);
			name = AccuterraSampleAppUITests;
			productName = AccuterraSampleAppUITests;
			productReference = D3AE5AFA24196A3F00B166E2 /* AccuterraSampleAppUITests.xctest */;
			productType = "com.apple.product-type.bundle.ui-testing";
		};
/* End PBXNativeTarget section */

/* Begin PBXProject section */
		D3AE5AD124196A3C00B166E2 /* Project object */ = {
			isa = PBXProject;
			attributes = {
				LastSwiftUpdateCheck = 1120;
				LastUpgradeCheck = 1120;
				ORGANIZATIONNAME = "NeoTreks, Inc.";
				TargetAttributes = {
					D3AE5AD824196A3C00B166E2 = {
						CreatedOnToolsVersion = 11.2.1;
					};
					D3AE5AEE24196A3F00B166E2 = {
						CreatedOnToolsVersion = 11.2.1;
						TestTargetID = D3AE5AD824196A3C00B166E2;
					};
					D3AE5AF924196A3F00B166E2 = {
						CreatedOnToolsVersion = 11.2.1;
						TestTargetID = D3AE5AD824196A3C00B166E2;
					};
				};
			};
			buildConfigurationList = D3AE5AD424196A3C00B166E2 /* Build configuration list for PBXProject "AccuterraSampleApp" */;
			compatibilityVersion = "Xcode 9.3";
			developmentRegion = en;
			hasScannedForEncodings = 0;
			knownRegions = (
				en,
				Base,
			);
			mainGroup = D3AE5AD024196A3C00B166E2;
			productRefGroup = D3AE5ADA24196A3C00B166E2 /* Products */;
			projectDirPath = "";
			projectRoot = "";
			targets = (
				D3AE5AD824196A3C00B166E2 /* AccuterraSampleApp */,
				D3AE5AEE24196A3F00B166E2 /* AccuterraSampleAppTests */,
				D3AE5AF924196A3F00B166E2 /* AccuterraSampleAppUITests */,
				D3227CE12433D75A001FDC30 /* AccuterraSampleApp (Develop) */,
			);
		};
/* End PBXProject section */

/* Begin PBXResourcesBuildPhase section */
		D3227D012433D75A001FDC30 /* Resources */ = {
			isa = PBXResourcesBuildPhase;
			buildActionMask = 2147483647;
			files = (
				D3227D022433D75A001FDC30 /* LaunchScreen.storyboard in Resources */,
				D3227D032433D75A001FDC30 /* Assets.xcassets in Resources */,
				D3227D042433D75A001FDC30 /* Main.storyboard in Resources */,
			);
			runOnlyForDeploymentPostprocessing = 0;
		};
		D3AE5AD724196A3C00B166E2 /* Resources */ = {
			isa = PBXResourcesBuildPhase;
			buildActionMask = 2147483647;
			files = (
				D3AE5AE924196A3F00B166E2 /* LaunchScreen.storyboard in Resources */,
				D3AE5AE624196A3F00B166E2 /* Assets.xcassets in Resources */,
				D3AE5AE424196A3C00B166E2 /* Main.storyboard in Resources */,
			);
			runOnlyForDeploymentPostprocessing = 0;
		};
		D3AE5AED24196A3F00B166E2 /* Resources */ = {
			isa = PBXResourcesBuildPhase;
			buildActionMask = 2147483647;
			files = (
			);
			runOnlyForDeploymentPostprocessing = 0;
		};
		D3AE5AF824196A3F00B166E2 /* Resources */ = {
			isa = PBXResourcesBuildPhase;
			buildActionMask = 2147483647;
			files = (
			);
			runOnlyForDeploymentPostprocessing = 0;
		};
/* End PBXResourcesBuildPhase section */

/* Begin PBXShellScriptBuildPhase section */
		65E8C6F1DED630EEA62C3C63 /* [CP] Check Pods Manifest.lock */ = {
			isa = PBXShellScriptBuildPhase;
			buildActionMask = 2147483647;
			files = (
			);
			inputFileListPaths = (
			);
			inputPaths = (
				"${PODS_PODFILE_DIR_PATH}/Podfile.lock",
				"${PODS_ROOT}/Manifest.lock",
			);
			name = "[CP] Check Pods Manifest.lock";
			outputFileListPaths = (
			);
			outputPaths = (
				"$(DERIVED_FILE_DIR)/Pods-AccuterraSampleApp-checkManifestLockResult.txt",
			);
			runOnlyForDeploymentPostprocessing = 0;
			shellPath = /bin/sh;
			shellScript = "diff \"${PODS_PODFILE_DIR_PATH}/Podfile.lock\" \"${PODS_ROOT}/Manifest.lock\" > /dev/null\nif [ $? != 0 ] ; then\n    # print error to STDERR\n    echo \"error: The sandbox is not in sync with the Podfile.lock. Run 'pod install' or update your CocoaPods installation.\" >&2\n    exit 1\nfi\n# This output is used by Xcode 'outputs' to avoid re-running this script phase.\necho \"SUCCESS\" > \"${SCRIPT_OUTPUT_FILE_0}\"\n";
			showEnvVarsInLog = 0;
		};
		79543595038E4E0C38EA026B /* [CP] Embed Pods Frameworks */ = {
			isa = PBXShellScriptBuildPhase;
			buildActionMask = 2147483647;
			files = (
			);
			inputFileListPaths = (
				"${PODS_ROOT}/Target Support Files/Pods-AccuterraSampleApp/Pods-AccuterraSampleApp-frameworks-${CONFIGURATION}-input-files.xcfilelist",
			);
			name = "[CP] Embed Pods Frameworks";
			outputFileListPaths = (
				"${PODS_ROOT}/Target Support Files/Pods-AccuterraSampleApp/Pods-AccuterraSampleApp-frameworks-${CONFIGURATION}-output-files.xcfilelist",
			);
			runOnlyForDeploymentPostprocessing = 0;
			shellPath = /bin/sh;
			shellScript = "\"${PODS_ROOT}/Target Support Files/Pods-AccuterraSampleApp/Pods-AccuterraSampleApp-frameworks.sh\"\n";
			showEnvVarsInLog = 0;
		};
		7D1C90B67EA6D1698A0E0FD2 /* [CP] Copy Pods Resources */ = {
			isa = PBXShellScriptBuildPhase;
			buildActionMask = 2147483647;
			files = (
			);
			inputFileListPaths = (
				"${PODS_ROOT}/Target Support Files/Pods-AccuterraSampleApp/Pods-AccuterraSampleApp-resources-${CONFIGURATION}-input-files.xcfilelist",
			);
			name = "[CP] Copy Pods Resources";
			outputFileListPaths = (
				"${PODS_ROOT}/Target Support Files/Pods-AccuterraSampleApp/Pods-AccuterraSampleApp-resources-${CONFIGURATION}-output-files.xcfilelist",
			);
			runOnlyForDeploymentPostprocessing = 0;
			shellPath = /bin/sh;
			shellScript = "\"${PODS_ROOT}/Target Support Files/Pods-AccuterraSampleApp/Pods-AccuterraSampleApp-resources.sh\"\n";
			showEnvVarsInLog = 0;
		};
		D3227D062433D75A001FDC30 /* Insert AccuTerra Access Tokens */ = {
			isa = PBXShellScriptBuildPhase;
			buildActionMask = 2147483647;
			files = (
			);
			inputFileListPaths = (
			);
			inputPaths = (
				"$(TARGET_BUILD_DIR)/$(INFOPLIST_PATH)",
			);
			name = "Insert AccuTerra Access Tokens";
			outputFileListPaths = (
			);
			outputPaths = (
			);
			runOnlyForDeploymentPostprocessing = 0;
			shellPath = /bin/sh;
			shellScript = "$SRCROOT/insert_accuterra_access_tokens.sh\n";
		};
		D3227D082433D75A001FDC30 /* Insert Mapbox Access Token */ = {
			isa = PBXShellScriptBuildPhase;
			buildActionMask = 2147483647;
			files = (
			);
			inputFileListPaths = (
			);
			inputPaths = (
				$SRCROOT/insert_mapbox_access_token.sh,
			);
			name = "Insert Mapbox Access Token";
			outputFileListPaths = (
			);
			outputPaths = (
			);
			runOnlyForDeploymentPostprocessing = 0;
			shellPath = /bin/sh;
			shellScript = "$SRCROOT/insert_mapbox_access_token.sh\n";
		};
		D38165C9242AB53C00F4F3D7 /* Insert Mapbox Access Token */ = {
			isa = PBXShellScriptBuildPhase;
			buildActionMask = 2147483647;
			files = (
			);
			inputFileListPaths = (
			);
			inputPaths = (
				$SRCROOT/insert_mapbox_access_token.sh,
			);
			name = "Insert Mapbox Access Token";
			outputFileListPaths = (
			);
			outputPaths = (
			);
			runOnlyForDeploymentPostprocessing = 0;
			shellPath = /bin/sh;
			shellScript = "$SRCROOT/insert_mapbox_access_token.sh\n";
		};
		D3AE5B162419759D00B166E2 /* Insert AccuTerra Access Tokens */ = {
			isa = PBXShellScriptBuildPhase;
			buildActionMask = 2147483647;
			files = (
			);
			inputFileListPaths = (
			);
			inputPaths = (
				"$(TARGET_BUILD_DIR)/$(INFOPLIST_PATH)",
			);
			name = "Insert AccuTerra Access Tokens";
			outputFileListPaths = (
			);
			outputPaths = (
			);
			runOnlyForDeploymentPostprocessing = 0;
			shellPath = /bin/sh;
			shellScript = "$SRCROOT/insert_accuterra_access_tokens.sh\n";
		};
/* End PBXShellScriptBuildPhase section */

/* Begin PBXSourcesBuildPhase section */
		D3227CE32433D75A001FDC30 /* Sources */ = {
			isa = PBXSourcesBuildPhase;
			buildActionMask = 2147483647;
			files = (
				D3227CE42433D75A001FDC30 /* Interacting_WithMapViewController.swift in Sources */,
				D3227CE52433D75A001FDC30 /* EnumUtil.swift in Sources */,
				D3227CE62433D75A001FDC30 /* FilterResultsTableViewCell.swift in Sources */,
				D3227CE72433D75A001FDC30 /* Create_POIsViewController.swift in Sources */,
				D3227CE82433D75A001FDC30 /* TrailDetails.swift in Sources */,
				D3227CE92433D75A001FDC30 /* Create_MapViewController.swift in Sources */,
				D3227CEA2433D75A001FDC30 /* UIColor.swift in Sources */,
				D3227CEB2433D75A001FDC30 /* AppDelegate.swift in Sources */,
				D3227CEC2433D75A001FDC30 /* Filter-MapBoundsViewController.swift in Sources */,
				D3227CED2433D75A001FDC30 /* DownloadViewController.swift in Sources */,
				D3227CEE2433D75A001FDC30 /* HomeViewController.swift in Sources */,
				D3227CEF2433D75A001FDC30 /* Create_DetailsViewController.swift in Sources */,
				D3227CF02433D75A001FDC30 /* Filter-MapViewController.swift in Sources */,
				D3227CF12433D75A001FDC30 /* Create_TrailsViewController.swift in Sources */,
				D3227CF22433D75A001FDC30 /* TrailsFilter.swift in Sources */,
				D3227CF32433D75A001FDC30 /* FilterCriteriaTableViewCell.swift in Sources */,
				D3940EBA243430440068C703 /* TrailDetailsViewController.swift in Sources */,
				D3227CF42433D75A001FDC30 /* Filter-CriteriaViewController.swift in Sources */,
				D3227CF52433D75A001FDC30 /* Term-to-ListViewController.swift in Sources */,
				D3227CF62433D75A001FDC30 /* SceneDelegate.swift in Sources */,
				D3227CF72433D75A001FDC30 /* Map-to-ListViewController.swift in Sources */,
				D3227CF82433D75A001FDC30 /* List-to-MapViewController.swift in Sources */,
				D3227CF92433D75A001FDC30 /* BaseViewController.swift in Sources */,
				D3227CFA2433D75A001FDC30 /* Synchronize.swift in Sources */,
				D3227CFB2433D75A001FDC30 /* Controling_MapViewController.swift in Sources */,
				D3227CFC2433D75A001FDC30 /* Term-to-MapViewController.swift in Sources */,
				D3227CFD2433D75A001FDC30 /* UIImage.swift in Sources */,
				D3227CFE2433D75A001FDC30 /* TrailListViewController.swift in Sources */,
			);
			runOnlyForDeploymentPostprocessing = 0;
		};
		D3AE5AD524196A3C00B166E2 /* Sources */ = {
			isa = PBXSourcesBuildPhase;
			buildActionMask = 2147483647;
			files = (
				D3227CE024327DDA001FDC30 /* Interacting_WithMapViewController.swift in Sources */,
				D3C0F7BE242FE54C00BD397C /* EnumUtil.swift in Sources */,
				D339755224316AA200B5A83D /* FilterResultsTableViewCell.swift in Sources */,
				D3227CDC24327DA0001FDC30 /* Create_POIsViewController.swift in Sources */,
				D3AE5B1A24199A8100B166E2 /* TrailDetails.swift in Sources */,
				D3227CD624327D67001FDC30 /* Create_MapViewController.swift in Sources */,
				D3AE5C0B2426951000B166E2 /* UIColor.swift in Sources */,
				D3AE5ADD24196A3C00B166E2 /* AppDelegate.swift in Sources */,
				D3AE5C052425B8F900B166E2 /* Filter-MapBoundsViewController.swift in Sources */,
				D3AE5B1524196E1800B166E2 /* DownloadViewController.swift in Sources */,
				D3AE5BF5242572C300B166E2 /* HomeViewController.swift in Sources */,
				D3227CDA24327D93001FDC30 /* Create_DetailsViewController.swift in Sources */,
				D3AE5C1124271B6E00B166E2 /* Filter-MapViewController.swift in Sources */,
				D3227CD824327D81001FDC30 /* Create_TrailsViewController.swift in Sources */,
				D3AE5C0F242697D000B166E2 /* TrailsFilter.swift in Sources */,
				D31C213824479DC300B0E74E /* AccuTerraSatelliteStyleProvider.swift in Sources */,
				D3C0F7BC242E778F00BD397C /* FilterCriteriaTableViewCell.swift in Sources */,
				D3940EB924342FF60068C703 /* TrailDetailsViewController.swift in Sources */,
				D31C2136244651DF00B0E74E /* CustomStylesViewController.swift in Sources */,
				D3C0F7BA242E6D6000BD397C /* Filter-CriteriaViewController.swift in Sources */,
				D3AE5BF7242574DD00B166E2 /* Term-to-ListViewController.swift in Sources */,
				D3B07E8E244F925D00A39B51 /* HomeContainerView.swift in Sources */,
				D3AE5ADF24196A3C00B166E2 /* SceneDelegate.swift in Sources */,
				D3AE5BFB2425753C00B166E2 /* Map-to-ListViewController.swift in Sources */,
				D3AE5BFD2425756800B166E2 /* List-to-MapViewController.swift in Sources */,
				D3AE5C0D2426959400B166E2 /* BaseViewController.swift in Sources */,
				D3C0F7C0242FE5EE00BD397C /* Synchronize.swift in Sources */,
				D3227CDE24327DC0001FDC30 /* Controling_MapViewController.swift in Sources */,
				D3AE5BF92425750D00B166E2 /* Term-to-MapViewController.swift in Sources */,
				D3AE5C092426937F00B166E2 /* UIImage.swift in Sources */,
				D38165CB242ABFC600F4F3D7 /* TrailListViewController.swift in Sources */,
			);
			runOnlyForDeploymentPostprocessing = 0;
		};
		D3AE5AEB24196A3F00B166E2 /* Sources */ = {
			isa = PBXSourcesBuildPhase;
			buildActionMask = 2147483647;
			files = (
				D3AE5AF424196A3F00B166E2 /* AccuterraSampleAppTests.swift in Sources */,
			);
			runOnlyForDeploymentPostprocessing = 0;
		};
		D3AE5AF624196A3F00B166E2 /* Sources */ = {
			isa = PBXSourcesBuildPhase;
			buildActionMask = 2147483647;
			files = (
				D3AE5AFF24196A3F00B166E2 /* AccuterraSampleAppUITests.swift in Sources */,
			);
			runOnlyForDeploymentPostprocessing = 0;
		};
/* End PBXSourcesBuildPhase section */

/* Begin PBXTargetDependency section */
		D3AE5AF124196A3F00B166E2 /* PBXTargetDependency */ = {
			isa = PBXTargetDependency;
			target = D3AE5AD824196A3C00B166E2 /* AccuterraSampleApp */;
			targetProxy = D3AE5AF024196A3F00B166E2 /* PBXContainerItemProxy */;
		};
		D3AE5AFC24196A3F00B166E2 /* PBXTargetDependency */ = {
			isa = PBXTargetDependency;
			target = D3AE5AD824196A3C00B166E2 /* AccuterraSampleApp */;
			targetProxy = D3AE5AFB24196A3F00B166E2 /* PBXContainerItemProxy */;
		};
/* End PBXTargetDependency section */

/* Begin PBXVariantGroup section */
		D3AE5AE224196A3C00B166E2 /* Main.storyboard */ = {
			isa = PBXVariantGroup;
			children = (
				D3AE5AE324196A3C00B166E2 /* Base */,
			);
			name = Main.storyboard;
			sourceTree = "<group>";
		};
		D3AE5AE724196A3F00B166E2 /* LaunchScreen.storyboard */ = {
			isa = PBXVariantGroup;
			children = (
				D3AE5AE824196A3F00B166E2 /* Base */,
			);
			name = LaunchScreen.storyboard;
			sourceTree = "<group>";
		};
/* End PBXVariantGroup section */

/* Begin XCBuildConfiguration section */
		D3227D0A2433D75A001FDC30 /* Debug */ = {
			isa = XCBuildConfiguration;
			buildSettings = {
				ASSETCATALOG_COMPILER_APPICON_NAME = AppIcon;
				CODE_SIGN_STYLE = Automatic;
				DEVELOPMENT_TEAM = PK2TWU892A;
				INFOPLIST_FILE = AccuterraSampleApp/Info.plist;
				LD_RUNPATH_SEARCH_PATHS = (
					"$(inherited)",
					"@executable_path/Frameworks",
				);
				PRODUCT_BUNDLE_IDENTIFIER = com.neotreks.AccuterraSampleApp;
				PRODUCT_NAME = "$(TARGET_NAME)";
				SWIFT_VERSION = 5.0;
				TARGETED_DEVICE_FAMILY = "1,2";
			};
			name = Debug;
		};
		D3227D0B2433D75A001FDC30 /* Release */ = {
			isa = XCBuildConfiguration;
			buildSettings = {
				ASSETCATALOG_COMPILER_APPICON_NAME = AppIcon;
				CODE_SIGN_STYLE = Automatic;
				DEVELOPMENT_TEAM = PK2TWU892A;
				INFOPLIST_FILE = AccuterraSampleApp/Info.plist;
				LD_RUNPATH_SEARCH_PATHS = (
					"$(inherited)",
					"@executable_path/Frameworks",
				);
				PRODUCT_BUNDLE_IDENTIFIER = com.neotreks.AccuterraSampleApp;
				PRODUCT_NAME = "$(TARGET_NAME)";
				SWIFT_VERSION = 5.0;
				TARGETED_DEVICE_FAMILY = "1,2";
			};
			name = Release;
		};
		D3AE5B0124196A3F00B166E2 /* Debug */ = {
			isa = XCBuildConfiguration;
			buildSettings = {
				ALWAYS_SEARCH_USER_PATHS = NO;
				CLANG_ANALYZER_NONNULL = YES;
				CLANG_ANALYZER_NUMBER_OBJECT_CONVERSION = YES_AGGRESSIVE;
				CLANG_CXX_LANGUAGE_STANDARD = "gnu++14";
				CLANG_CXX_LIBRARY = "libc++";
				CLANG_ENABLE_MODULES = YES;
				CLANG_ENABLE_OBJC_ARC = YES;
				CLANG_ENABLE_OBJC_WEAK = YES;
				CLANG_WARN_BLOCK_CAPTURE_AUTORELEASING = YES;
				CLANG_WARN_BOOL_CONVERSION = YES;
				CLANG_WARN_COMMA = YES;
				CLANG_WARN_CONSTANT_CONVERSION = YES;
				CLANG_WARN_DEPRECATED_OBJC_IMPLEMENTATIONS = YES;
				CLANG_WARN_DIRECT_OBJC_ISA_USAGE = YES_ERROR;
				CLANG_WARN_DOCUMENTATION_COMMENTS = YES;
				CLANG_WARN_EMPTY_BODY = YES;
				CLANG_WARN_ENUM_CONVERSION = YES;
				CLANG_WARN_INFINITE_RECURSION = YES;
				CLANG_WARN_INT_CONVERSION = YES;
				CLANG_WARN_NON_LITERAL_NULL_CONVERSION = YES;
				CLANG_WARN_OBJC_IMPLICIT_RETAIN_SELF = YES;
				CLANG_WARN_OBJC_LITERAL_CONVERSION = YES;
				CLANG_WARN_OBJC_ROOT_CLASS = YES_ERROR;
				CLANG_WARN_RANGE_LOOP_ANALYSIS = YES;
				CLANG_WARN_STRICT_PROTOTYPES = YES;
				CLANG_WARN_SUSPICIOUS_MOVE = YES;
				CLANG_WARN_UNGUARDED_AVAILABILITY = YES_AGGRESSIVE;
				CLANG_WARN_UNREACHABLE_CODE = YES;
				CLANG_WARN__DUPLICATE_METHOD_MATCH = YES;
				COPY_PHASE_STRIP = NO;
				DEBUG_INFORMATION_FORMAT = dwarf;
				ENABLE_STRICT_OBJC_MSGSEND = YES;
				ENABLE_TESTABILITY = YES;
				GCC_C_LANGUAGE_STANDARD = gnu11;
				GCC_DYNAMIC_NO_PIC = NO;
				GCC_NO_COMMON_BLOCKS = YES;
				GCC_OPTIMIZATION_LEVEL = 0;
				GCC_PREPROCESSOR_DEFINITIONS = (
					"DEBUG=1",
					"$(inherited)",
				);
				GCC_WARN_64_TO_32_BIT_CONVERSION = YES;
				GCC_WARN_ABOUT_RETURN_TYPE = YES_ERROR;
				GCC_WARN_UNDECLARED_SELECTOR = YES;
				GCC_WARN_UNINITIALIZED_AUTOS = YES_AGGRESSIVE;
				GCC_WARN_UNUSED_FUNCTION = YES;
				GCC_WARN_UNUSED_VARIABLE = YES;
				IPHONEOS_DEPLOYMENT_TARGET = 13.2;
				MTL_ENABLE_DEBUG_INFO = INCLUDE_SOURCE;
				MTL_FAST_MATH = YES;
				ONLY_ACTIVE_ARCH = YES;
				SDKROOT = iphoneos;
				SWIFT_ACTIVE_COMPILATION_CONDITIONS = DEBUG;
				SWIFT_OPTIMIZATION_LEVEL = "-Onone";
			};
			name = Debug;
		};
		D3AE5B0224196A3F00B166E2 /* Release */ = {
			isa = XCBuildConfiguration;
			buildSettings = {
				ALWAYS_SEARCH_USER_PATHS = NO;
				CLANG_ANALYZER_NONNULL = YES;
				CLANG_ANALYZER_NUMBER_OBJECT_CONVERSION = YES_AGGRESSIVE;
				CLANG_CXX_LANGUAGE_STANDARD = "gnu++14";
				CLANG_CXX_LIBRARY = "libc++";
				CLANG_ENABLE_MODULES = YES;
				CLANG_ENABLE_OBJC_ARC = YES;
				CLANG_ENABLE_OBJC_WEAK = YES;
				CLANG_WARN_BLOCK_CAPTURE_AUTORELEASING = YES;
				CLANG_WARN_BOOL_CONVERSION = YES;
				CLANG_WARN_COMMA = YES;
				CLANG_WARN_CONSTANT_CONVERSION = YES;
				CLANG_WARN_DEPRECATED_OBJC_IMPLEMENTATIONS = YES;
				CLANG_WARN_DIRECT_OBJC_ISA_USAGE = YES_ERROR;
				CLANG_WARN_DOCUMENTATION_COMMENTS = YES;
				CLANG_WARN_EMPTY_BODY = YES;
				CLANG_WARN_ENUM_CONVERSION = YES;
				CLANG_WARN_INFINITE_RECURSION = YES;
				CLANG_WARN_INT_CONVERSION = YES;
				CLANG_WARN_NON_LITERAL_NULL_CONVERSION = YES;
				CLANG_WARN_OBJC_IMPLICIT_RETAIN_SELF = YES;
				CLANG_WARN_OBJC_LITERAL_CONVERSION = YES;
				CLANG_WARN_OBJC_ROOT_CLASS = YES_ERROR;
				CLANG_WARN_RANGE_LOOP_ANALYSIS = YES;
				CLANG_WARN_STRICT_PROTOTYPES = YES;
				CLANG_WARN_SUSPICIOUS_MOVE = YES;
				CLANG_WARN_UNGUARDED_AVAILABILITY = YES_AGGRESSIVE;
				CLANG_WARN_UNREACHABLE_CODE = YES;
				CLANG_WARN__DUPLICATE_METHOD_MATCH = YES;
				COPY_PHASE_STRIP = NO;
				DEBUG_INFORMATION_FORMAT = "dwarf-with-dsym";
				ENABLE_NS_ASSERTIONS = NO;
				ENABLE_STRICT_OBJC_MSGSEND = YES;
				GCC_C_LANGUAGE_STANDARD = gnu11;
				GCC_NO_COMMON_BLOCKS = YES;
				GCC_WARN_64_TO_32_BIT_CONVERSION = YES;
				GCC_WARN_ABOUT_RETURN_TYPE = YES_ERROR;
				GCC_WARN_UNDECLARED_SELECTOR = YES;
				GCC_WARN_UNINITIALIZED_AUTOS = YES_AGGRESSIVE;
				GCC_WARN_UNUSED_FUNCTION = YES;
				GCC_WARN_UNUSED_VARIABLE = YES;
				IPHONEOS_DEPLOYMENT_TARGET = 13.2;
				MTL_ENABLE_DEBUG_INFO = NO;
				MTL_FAST_MATH = YES;
				SDKROOT = iphoneos;
				SWIFT_COMPILATION_MODE = wholemodule;
				SWIFT_OPTIMIZATION_LEVEL = "-O";
				VALIDATE_PRODUCT = YES;
			};
			name = Release;
		};
		D3AE5B0424196A3F00B166E2 /* Debug */ = {
			isa = XCBuildConfiguration;
			baseConfigurationReference = AC835A43379611151A720D01 /* Pods-AccuterraSampleApp.debug.xcconfig */;
			buildSettings = {
				ASSETCATALOG_COMPILER_APPICON_NAME = AppIcon;
				CODE_SIGN_STYLE = Automatic;
				DEVELOPMENT_TEAM = PK2TWU892A;
				INFOPLIST_FILE = AccuterraSampleApp/Info.plist;
				LD_RUNPATH_SEARCH_PATHS = (
					"$(inherited)",
					"@executable_path/Frameworks",
				);
				PRODUCT_BUNDLE_IDENTIFIER = com.neotreks.AccuterraSampleApp;
				PRODUCT_NAME = "$(TARGET_NAME)";
				SWIFT_VERSION = 5.0;
				TARGETED_DEVICE_FAMILY = "1,2";
			};
			name = Debug;
		};
		D3AE5B0524196A3F00B166E2 /* Release */ = {
			isa = XCBuildConfiguration;
			baseConfigurationReference = A46A225A873A225E835BE3F7 /* Pods-AccuterraSampleApp.release.xcconfig */;
			buildSettings = {
				ASSETCATALOG_COMPILER_APPICON_NAME = AppIcon;
				CODE_SIGN_STYLE = Automatic;
				DEVELOPMENT_TEAM = PK2TWU892A;
				INFOPLIST_FILE = AccuterraSampleApp/Info.plist;
				LD_RUNPATH_SEARCH_PATHS = (
					"$(inherited)",
					"@executable_path/Frameworks",
				);
				PRODUCT_BUNDLE_IDENTIFIER = com.neotreks.AccuterraSampleApp;
				PRODUCT_NAME = "$(TARGET_NAME)";
				SWIFT_VERSION = 5.0;
				TARGETED_DEVICE_FAMILY = "1,2";
			};
			name = Release;
		};
		D3AE5B0724196A3F00B166E2 /* Debug */ = {
			isa = XCBuildConfiguration;
			buildSettings = {
				ALWAYS_EMBED_SWIFT_STANDARD_LIBRARIES = YES;
				BUNDLE_LOADER = "$(TEST_HOST)";
				CODE_SIGN_STYLE = Automatic;
				DEVELOPMENT_TEAM = PK2TWU892A;
				INFOPLIST_FILE = AccuterraSampleAppTests/Info.plist;
				IPHONEOS_DEPLOYMENT_TARGET = 13.2;
				LD_RUNPATH_SEARCH_PATHS = (
					"$(inherited)",
					"@executable_path/Frameworks",
					"@loader_path/Frameworks",
				);
				PRODUCT_BUNDLE_IDENTIFIER = com.neotreks.AccuterraSampleAppTests;
				PRODUCT_NAME = "$(TARGET_NAME)";
				SWIFT_VERSION = 5.0;
				TARGETED_DEVICE_FAMILY = "1,2";
				TEST_HOST = "$(BUILT_PRODUCTS_DIR)/AccuterraSampleApp.app/AccuterraSampleApp";
			};
			name = Debug;
		};
		D3AE5B0824196A3F00B166E2 /* Release */ = {
			isa = XCBuildConfiguration;
			buildSettings = {
				ALWAYS_EMBED_SWIFT_STANDARD_LIBRARIES = YES;
				BUNDLE_LOADER = "$(TEST_HOST)";
				CODE_SIGN_STYLE = Automatic;
				DEVELOPMENT_TEAM = PK2TWU892A;
				INFOPLIST_FILE = AccuterraSampleAppTests/Info.plist;
				IPHONEOS_DEPLOYMENT_TARGET = 13.2;
				LD_RUNPATH_SEARCH_PATHS = (
					"$(inherited)",
					"@executable_path/Frameworks",
					"@loader_path/Frameworks",
				);
				PRODUCT_BUNDLE_IDENTIFIER = com.neotreks.AccuterraSampleAppTests;
				PRODUCT_NAME = "$(TARGET_NAME)";
				SWIFT_VERSION = 5.0;
				TARGETED_DEVICE_FAMILY = "1,2";
				TEST_HOST = "$(BUILT_PRODUCTS_DIR)/AccuterraSampleApp.app/AccuterraSampleApp";
			};
			name = Release;
		};
		D3AE5B0A24196A3F00B166E2 /* Debug */ = {
			isa = XCBuildConfiguration;
			buildSettings = {
				ALWAYS_EMBED_SWIFT_STANDARD_LIBRARIES = YES;
				CODE_SIGN_STYLE = Automatic;
				DEVELOPMENT_TEAM = PK2TWU892A;
				INFOPLIST_FILE = AccuterraSampleAppUITests/Info.plist;
				LD_RUNPATH_SEARCH_PATHS = (
					"$(inherited)",
					"@executable_path/Frameworks",
					"@loader_path/Frameworks",
				);
				PRODUCT_BUNDLE_IDENTIFIER = com.neotreks.AccuterraSampleAppUITests;
				PRODUCT_NAME = "$(TARGET_NAME)";
				SWIFT_VERSION = 5.0;
				TARGETED_DEVICE_FAMILY = "1,2";
				TEST_TARGET_NAME = AccuterraSampleApp;
			};
			name = Debug;
		};
		D3AE5B0B24196A3F00B166E2 /* Release */ = {
			isa = XCBuildConfiguration;
			buildSettings = {
				ALWAYS_EMBED_SWIFT_STANDARD_LIBRARIES = YES;
				CODE_SIGN_STYLE = Automatic;
				DEVELOPMENT_TEAM = PK2TWU892A;
				INFOPLIST_FILE = AccuterraSampleAppUITests/Info.plist;
				LD_RUNPATH_SEARCH_PATHS = (
					"$(inherited)",
					"@executable_path/Frameworks",
					"@loader_path/Frameworks",
				);
				PRODUCT_BUNDLE_IDENTIFIER = com.neotreks.AccuterraSampleAppUITests;
				PRODUCT_NAME = "$(TARGET_NAME)";
				SWIFT_VERSION = 5.0;
				TARGETED_DEVICE_FAMILY = "1,2";
				TEST_TARGET_NAME = AccuterraSampleApp;
			};
			name = Release;
		};
/* End XCBuildConfiguration section */

/* Begin XCConfigurationList section */
		D3227D092433D75A001FDC30 /* Build configuration list for PBXNativeTarget "AccuterraSampleApp (Develop)" */ = {
			isa = XCConfigurationList;
			buildConfigurations = (
				D3227D0A2433D75A001FDC30 /* Debug */,
				D3227D0B2433D75A001FDC30 /* Release */,
			);
			defaultConfigurationIsVisible = 0;
			defaultConfigurationName = Release;
		};
		D3AE5AD424196A3C00B166E2 /* Build configuration list for PBXProject "AccuterraSampleApp" */ = {
			isa = XCConfigurationList;
			buildConfigurations = (
				D3AE5B0124196A3F00B166E2 /* Debug */,
				D3AE5B0224196A3F00B166E2 /* Release */,
			);
			defaultConfigurationIsVisible = 0;
			defaultConfigurationName = Release;
		};
		D3AE5B0324196A3F00B166E2 /* Build configuration list for PBXNativeTarget "AccuterraSampleApp" */ = {
			isa = XCConfigurationList;
			buildConfigurations = (
				D3AE5B0424196A3F00B166E2 /* Debug */,
				D3AE5B0524196A3F00B166E2 /* Release */,
			);
			defaultConfigurationIsVisible = 0;
			defaultConfigurationName = Release;
		};
		D3AE5B0624196A3F00B166E2 /* Build configuration list for PBXNativeTarget "AccuterraSampleAppTests" */ = {
			isa = XCConfigurationList;
			buildConfigurations = (
				D3AE5B0724196A3F00B166E2 /* Debug */,
				D3AE5B0824196A3F00B166E2 /* Release */,
			);
			defaultConfigurationIsVisible = 0;
			defaultConfigurationName = Release;
		};
		D3AE5B0924196A3F00B166E2 /* Build configuration list for PBXNativeTarget "AccuterraSampleAppUITests" */ = {
			isa = XCConfigurationList;
			buildConfigurations = (
				D3AE5B0A24196A3F00B166E2 /* Debug */,
				D3AE5B0B24196A3F00B166E2 /* Release */,
			);
			defaultConfigurationIsVisible = 0;
			defaultConfigurationName = Release;
		};
/* End XCConfigurationList section */
	};
	rootObject = D3AE5AD124196A3C00B166E2 /* Project object */;
}
